// !$*UTF8*$!
{
	archiveVersion = 1;
	classes = {
	};
	objectVersion = 77;
	objects = {

/* Begin PBXBuildFile section */
		00C21A690DD58517E75C79A2 /* SearchUseCaseOutput.swift in Sources */ = {isa = PBXBuildFile; fileRef = 572C92DE02B6EFE6DB23F3FC /* SearchUseCaseOutput.swift */; };
		01DFE23964BB442337471C92 /* CotdColor.swift in Sources */ = {isa = PBXBuildFile; fileRef = 41DD3F602E8E1F46107A1280 /* CotdColor.swift */; };
		03C78EC42D8D2425507E72D7 /* TodayUseCase.swift in Sources */ = {isa = PBXBuildFile; fileRef = 465CD7E925E073E76475B258 /* TodayUseCase.swift */; };
		04A7B0BCE76D01E7ABD950CF /* CategoryDetailRouter.swift in Sources */ = {isa = PBXBuildFile; fileRef = A7FA2FA43E58CFA7B74504F1 /* CategoryDetailRouter.swift */; };
		04BD0B152A9C5D8884BCFED5 /* LensEntryEntity.swift in Sources */ = {isa = PBXBuildFile; fileRef = 9057E2FAC20B22041F15EEE3 /* LensEntryEntity.swift */; };
		04C1A3C55E56319F7828B0B9 /* ArchiveUseCaseOutput.swift in Sources */ = {isa = PBXBuildFile; fileRef = 9C0ED8B05C9F45A38EEE596C /* ArchiveUseCaseOutput.swift */; };
		085251FA45ABA0655773112D /* orpiment.json in Resources */ = {isa = PBXBuildFile; fileRef = 0D3256FB845E1B1D2A62790C /* orpiment.json */; };
		08846B45016C66CECE86EC2B /* ColorDetailPresenter.swift in Sources */ = {isa = PBXBuildFile; fileRef = 397E1C0F826B210A67C257D6 /* ColorDetailPresenter.swift */; };
		08FA0293075745C329D4D256 /* LensContent.swift in Sources */ = {isa = PBXBuildFile; fileRef = 2DD671E0D43CE681A01F5F0F /* LensContent.swift */; };
		0CF3117C16F6D11DE6E477D1 /* TodayViewModel.swift in Sources */ = {isa = PBXBuildFile; fileRef = CA482E2941A2A6B0486165F4 /* TodayViewModel.swift */; };
		0E15D5AFC8BAE863635851A5 /* SearchViewModel.swift in Sources */ = {isa = PBXBuildFile; fileRef = 1F10AFF1386BF39543B328AB /* SearchViewModel.swift */; };
		106136762FCB17EB8637CC30 /* RevealRouter.swift in Sources */ = {isa = PBXBuildFile; fileRef = AB30EB792011920A6791350A /* RevealRouter.swift */; };
		10E9B736A1B6052C18A19578 /* SearchRouter.swift in Sources */ = {isa = PBXBuildFile; fileRef = 8DF7EDA5AEF4CC0B8CE544C0 /* SearchRouter.swift */; };
		1268C70DF6F9A3105AF20EC4 /* indian-yellow.json in Resources */ = {isa = PBXBuildFile; fileRef = 9EEB437AC7C7E4A10E4B472E /* indian-yellow.json */; };
		188AAA82096CB284ED69DBDC /* SearchAssembly.swift in Sources */ = {isa = PBXBuildFile; fileRef = C468E0D777F9D037262FE946 /* SearchAssembly.swift */; };
		190644B903B5F87630AF0914 /* ErrorView.swift in Sources */ = {isa = PBXBuildFile; fileRef = C0D8E40BC0CADC02C83BE8A8 /* ErrorView.swift */; };
		1AC19BCBE3F3056A1F76AA16 /* carmine.json in Resources */ = {isa = PBXBuildFile; fileRef = 3E52C1ABE673F1807633FB7F /* carmine.json */; };
		1E0E6A188A5CDEAD438C5AB4 /* ProfilePresenterOutput.swift in Sources */ = {isa = PBXBuildFile; fileRef = 7BCF70D68F1B61642E1A6040 /* ProfilePresenterOutput.swift */; };
		201F56EB87B0B1F63BC2B218 /* CotdFont.swift in Sources */ = {isa = PBXBuildFile; fileRef = EBDCEE48504156E0DCF31463 /* CotdFont.swift */; };
		22852E0CA20FB33D147685EB /* SettingsService.swift in Sources */ = {isa = PBXBuildFile; fileRef = E52EE815386AFD02DDB1F7DA /* SettingsService.swift */; };
		229160DB80F1E78B653AAA6E /* MemoryFavoritesService.swift in Sources */ = {isa = PBXBuildFile; fileRef = 7EF68326D057D657A666F632 /* MemoryFavoritesService.swift */; };
		24AC880BACA1E38BE7C1D88E /* SwatchTile.swift in Sources */ = {isa = PBXBuildFile; fileRef = 9CAA9FC0C30695261FF25C35 /* SwatchTile.swift */; };
		268C7F81B07F0A6BE5979248 /* TodayUseCaseOutput.swift in Sources */ = {isa = PBXBuildFile; fileRef = 62299342BA51D4D52896A6DC /* TodayUseCaseOutput.swift */; };
		27054B55D120F52559BACC8A /* TabIcon.swift in Sources */ = {isa = PBXBuildFile; fileRef = B79FFFFD42F69F79169D7BD2 /* TabIcon.swift */; };
		28A054833C8D3AEF525E97EC /* malachite.json in Resources */ = {isa = PBXBuildFile; fileRef = AA1C551C50509405CBCD1A80 /* malachite.json */; };
		29121FCE1753FF44031C07D4 /* Archivo.ttf in Resources */ = {isa = PBXBuildFile; fileRef = FCCAB6ACF8B14A2C71AF7BAA /* Archivo.ttf */; };
		2B2354B2AD5DFCB8116F10B7 /* ColorDetailPresenterOutput.swift in Sources */ = {isa = PBXBuildFile; fileRef = 183B771C45CC4AA60BF19671 /* ColorDetailPresenterOutput.swift */; };
		2BE98428C5C24CC02582A185 /* ColorRecipeView.swift in Sources */ = {isa = PBXBuildFile; fileRef = 3A7DBB3677FA5FB39FD075F2 /* ColorRecipeView.swift */; };
		303EA1552A21EC8BABA02528 /* mummy-brown.json in Resources */ = {isa = PBXBuildFile; fileRef = F796FB1FC861E2215D4C3354 /* mummy-brown.json */; };
		3126DC5A75E46FE622F7E261 /* ProfileUseCase.swift in Sources */ = {isa = PBXBuildFile; fileRef = 099FB037117DAB4F5EB77E6E /* ProfileUseCase.swift */; };
		3199984BA49638011C90F9BC /* ThemeProvider.swift in Sources */ = {isa = PBXBuildFile; fileRef = B865A46A88CDAD82C57BDBA8 /* ThemeProvider.swift */; };
		3259530FB3C667071232F139 /* LensIndexRow.swift in Sources */ = {isa = PBXBuildFile; fileRef = 09FCF1B9F7D65D0AFA1A18AF /* LensIndexRow.swift */; };
		327AEEA2729E5B21A59734B3 /* ColorDetailViewModel.swift in Sources */ = {isa = PBXBuildFile; fileRef = A315EE48B07F85DFECBC1EF1 /* ColorDetailViewModel.swift */; };
		39FEBC9D992F96AC086467FD /* TabHostState.swift in Sources */ = {isa = PBXBuildFile; fileRef = CE30A30272113A3DC8F62C01 /* TabHostState.swift */; };
		3A9B06202AC406FC10298FA3 /* MemoryColorRepository.swift in Sources */ = {isa = PBXBuildFile; fileRef = 11DD673550C3D923DB9D37D9 /* MemoryColorRepository.swift */; };
		3AB541BB48A9E972F46666CA /* MemoryDailyColorService.swift in Sources */ = {isa = PBXBuildFile; fileRef = 538DFB22C003F925602011BC /* MemoryDailyColorService.swift */; };
		3B19E503A61DE6E216587643 /* ColorDetailUseCase.swift in Sources */ = {isa = PBXBuildFile; fileRef = 995BA8E7E4FA093332334154 /* ColorDetailUseCase.swift */; };
		3BC603A727A8A71859548DDA /* SearchUseCase.swift in Sources */ = {isa = PBXBuildFile; fileRef = 9F2320063A39E56A0443DF85 /* SearchUseCase.swift */; };
		3DDF4E682D707F84C6CD4D54 /* StandardScene.swift in Sources */ = {isa = PBXBuildFile; fileRef = 12D83B9442E6B1F049A2BA0D /* StandardScene.swift */; };
		402CC325214B70EBEF9AF65D /* CotdAppState.swift in Sources */ = {isa = PBXBuildFile; fileRef = 9EDBC713299546BEDFBF9FA4 /* CotdAppState.swift */; };
		4275CBE84603D5F5BCA4E52C /* ColorRepository.swift in Sources */ = {isa = PBXBuildFile; fileRef = CD3BEADF89795ABBECAA3740 /* ColorRepository.swift */; };
		42D3AA0D73BF9D52540ADA4D /* ColorDetail.swift in Sources */ = {isa = PBXBuildFile; fileRef = 88715395000F86054321B919 /* ColorDetail.swift */; };
		4426E3546303EC191EBD8E21 /* ProfileViewModel.swift in Sources */ = {isa = PBXBuildFile; fileRef = E890490E8BCAF4262CD94387 /* ProfileViewModel.swift */; };
		45E6F8F2BA160042029F23B2 /* TabHost.swift in Sources */ = {isa = PBXBuildFile; fileRef = 2BFD228546DC3D9B66468217 /* TabHost.swift */; };
		496DE92627CC765492CDE005 /* EntryImage.swift in Sources */ = {isa = PBXBuildFile; fileRef = 0AFB45F256B4975AF2A473FF /* EntryImage.swift */; };
		4A7D2C5C4FA24E0501EFA7AF /* GlassButton.swift in Sources */ = {isa = PBXBuildFile; fileRef = 75A2D8C5CD47DFBC9DA76811 /* GlassButton.swift */; };
		4B38484D6B1C0C06F5C21CD7 /* han-purple.json in Resources */ = {isa = PBXBuildFile; fileRef = E07D16165D2A957326A46B7C /* han-purple.json */; };
		4D2B5FE21A167AD801798E52 /* ArchiveRouter.swift in Sources */ = {isa = PBXBuildFile; fileRef = 38C6CE75F861D0F8AB6F999E /* ArchiveRouter.swift */; };
		4F38218FB9DC777351D9D85C /* lead-white.json in Resources */ = {isa = PBXBuildFile; fileRef = 1E080C2EAF4D58AAE0D56C98 /* lead-white.json */; };
		4FEF6A1FADA1A19DD9CB0303 /* CategoryDetailUseCase.swift in Sources */ = {isa = PBXBuildFile; fileRef = C7FF9BF9A590FF42F8545FA5 /* CategoryDetailUseCase.swift */; };
		50A7495CB67EB28CB59A2316 /* Newsreader.ttf in Resources */ = {isa = PBXBuildFile; fileRef = 426B9D4C1576B92DA81A5263 /* Newsreader.ttf */; };
		50DFF828988253682EE63681 /* ProfilePresenter.swift in Sources */ = {isa = PBXBuildFile; fileRef = CFA3BFFF031F9366D7A6E7CC /* ProfilePresenter.swift */; };
		572A3CDB7BDC9EFB291E6EF6 /* HeartGlyph.swift in Sources */ = {isa = PBXBuildFile; fileRef = 8FB91C58C78CE1A92D5B55B2 /* HeartGlyph.swift */; };
		57BC2CF58438E6A05A2CFC3F /* verdigris.json in Resources */ = {isa = PBXBuildFile; fileRef = 3AAD3A75B7B47151CCD8A9A9 /* verdigris.json */; };
		5920AAA90C88E97BBA21D7D6 /* ArchivePresenter.swift in Sources */ = {isa = PBXBuildFile; fileRef = B2F3BB86339BBD38E80DD491 /* ArchivePresenter.swift */; };
		59878DF24BAD77867451471F /* Today.swift in Sources */ = {isa = PBXBuildFile; fileRef = BDA8A873DE8FB789B4365964 /* Today.swift */; };
		59C156A0B85156560E7FDCB1 /* RevealUseCaseOutput.swift in Sources */ = {isa = PBXBuildFile; fileRef = 8396729D3A15EAD0C31D9772 /* RevealUseCaseOutput.swift */; };
		5A9F535E3631B8471F60705D /* BackGlyph.swift in Sources */ = {isa = PBXBuildFile; fileRef = 640296DB90DBB0F54B7AF929 /* BackGlyph.swift */; };
		5BACA90F1069E36E2EDB6ADD /* TodayPresenterOutput.swift in Sources */ = {isa = PBXBuildFile; fileRef = FD8ABFAC4D57CE31DEC2CBE9 /* TodayPresenterOutput.swift */; };
		5DF56C46644911FC005300F0 /* BundledData.swift in Sources */ = {isa = PBXBuildFile; fileRef = 876D8DA61D79C1D2FDA29448 /* BundledData.swift */; };
		5E499FBEF880662715EEC5EF /* SearchPresenterOutput.swift in Sources */ = {isa = PBXBuildFile; fileRef = A9D1D8B2DFD12ABEA3331161 /* SearchPresenterOutput.swift */; };
		64219F55BFD5B504708EC1E7 /* CotdDestination.swift in Sources */ = {isa = PBXBuildFile; fileRef = 33450662B5F5AB2E6B85C5FB /* CotdDestination.swift */; };
		6506876C0AC9629D416249B8 /* scheeles-green.json in Resources */ = {isa = PBXBuildFile; fileRef = 904B0C9AE1BC624BDCB94DB4 /* scheeles-green.json */; };
		66ECADC3C126115C9ADF9172 /* LensGlyph.swift in Sources */ = {isa = PBXBuildFile; fileRef = B84036DA55DA44B714F17042 /* LensGlyph.swift */; };
		68DB39C425AC7B03015F88AC /* Profile.swift in Sources */ = {isa = PBXBuildFile; fileRef = 8D2D48B0B7FEC8D5069F3DC8 /* Profile.swift */; };
		6C6754FDC358D97EA07F71A2 /* Reveal.swift in Sources */ = {isa = PBXBuildFile; fileRef = 22FD3F85C111A02DB3148377 /* Reveal.swift */; };
		6DD104262A57EA076B22ADF6 /* ArchivePresenterOutput.swift in Sources */ = {isa = PBXBuildFile; fileRef = 80B87739445BB986ACAC7ECE /* ArchivePresenterOutput.swift */; };
		6EF7D58029FB463D5116E1C6 /* CategoryDetailScene.swift in Sources */ = {isa = PBXBuildFile; fileRef = D671C80D4EBDAB7B861E2CBC /* CategoryDetailScene.swift */; };
		70552BED0E75F4779CEEF299 /* cobalt.json in Resources */ = {isa = PBXBuildFile; fileRef = 8EA625326E42FA4354DE8B77 /* cobalt.json */; };
		71C1B64F4DC93B5FCF9619BF /* ValueUnit.swift in Sources */ = {isa = PBXBuildFile; fileRef = 281FDF56833CD1253A41A270 /* ValueUnit.swift */; };
		71D01B15FDC068D8E1FD2242 /* RecipeEntity.swift in Sources */ = {isa = PBXBuildFile; fileRef = DCCD29081573C1ED0A49C41E /* RecipeEntity.swift */; };
		72A7E2B3F50ACC33D0183D9A /* ColorHeroLayout.swift in Sources */ = {isa = PBXBuildFile; fileRef = 5DFA5F303DCB63E7E7DD30F6 /* ColorHeroLayout.swift */; };
		7326F34D10B6E54E9563693A /* ColorOTDApp.swift in Sources */ = {isa = PBXBuildFile; fileRef = 8D3CA90B9E3E92B9A108BDC6 /* ColorOTDApp.swift */; };
		75F7CBF6FCDEDAA48E9D073F /* CategoryDetailUseCaseOutput.swift in Sources */ = {isa = PBXBuildFile; fileRef = BDEDEBDAD02FB0EB4362E456 /* CategoryDetailUseCaseOutput.swift */; };
		7642D9262B1ABBCFCEE63D53 /* MessageType.swift in Sources */ = {isa = PBXBuildFile; fileRef = F732CBEB0F9857725622E5A8 /* MessageType.swift */; };
		784D31397DCC26A9D46F27EB /* SearchPresenter.swift in Sources */ = {isa = PBXBuildFile; fileRef = 325D8B526DDDFB3E314FCCA1 /* SearchPresenter.swift */; };
		7961F9B6C3DF7EAF2B355E0B /* SearchScene.swift in Sources */ = {isa = PBXBuildFile; fileRef = 726107BFF0ED1D79099C4C76 /* SearchScene.swift */; };
		7B6230661612CE5E9C637FAD /* TodayAssembly.swift in Sources */ = {isa = PBXBuildFile; fileRef = 7978797CA58B62F3C4E828B1 /* TodayAssembly.swift */; };
		7D70D316B7031E044007FD98 /* prussian-blue.json in Resources */ = {isa = PBXBuildFile; fileRef = 3C896002F4D34F8667BDA22F /* prussian-blue.json */; };
		80E759D0FB68DA459F07E46C /* DailyColorScheduler.swift in Sources */ = {isa = PBXBuildFile; fileRef = BC88E0DD940727F408EFF0B8 /* DailyColorScheduler.swift */; };
		81E4DE55325B927C8BB9DC5C /* CategoryDetailPresenter.swift in Sources */ = {isa = PBXBuildFile; fileRef = 7D04AD5DFDE53D24615D724C /* CategoryDetailPresenter.swift */; };
		8459C391EA713AD57FDAD506 /* ArchiveUseCase.swift in Sources */ = {isa = PBXBuildFile; fileRef = 89DEC562B51F63A3E8FAAA41 /* ArchiveUseCase.swift */; };
		85B763626F30CF1A201CB9E3 /* StripePlaceholder.swift in Sources */ = {isa = PBXBuildFile; fileRef = 4754AE659A944D5B500AFBFA /* StripePlaceholder.swift */; };
		864B33CCCA19C8EE2BC1FAF8 /* TodayRouter.swift in Sources */ = {isa = PBXBuildFile; fileRef = ABAF49AEFD8DEEC36C57A99B /* TodayRouter.swift */; };
		87FE8E759CAF3D5578486352 /* FavoritesService.swift in Sources */ = {isa = PBXBuildFile; fileRef = E67F2740601708C3C53C7048 /* FavoritesService.swift */; };
		8890BCBD6366958F92C01338 /* ColorDetailUseCaseOutput.swift in Sources */ = {isa = PBXBuildFile; fileRef = FF7A705CBB4838AFCD352381 /* ColorDetailUseCaseOutput.swift */; };
		88A2761AEAA6069327B149F0 /* ValuePlacard.swift in Sources */ = {isa = PBXBuildFile; fileRef = 0816E8DF4E31ECA0860313A8 /* ValuePlacard.swift */; };
		88D3E9C45175D2387D3C698E /* Search.swift in Sources */ = {isa = PBXBuildFile; fileRef = 0CDA8CE38117B70FC1ACE660 /* Search.swift */; };
		8A263441CD6A4E09ACD1811F /* Chevron.swift in Sources */ = {isa = PBXBuildFile; fileRef = 7145426632F6CC4F0A499716 /* Chevron.swift */; };
		8B526E5A66D4FAB432268AA7 /* ArchiveViewModel.swift in Sources */ = {isa = PBXBuildFile; fileRef = 8DF7A5DEC6102EC3C9046A9E /* ArchiveViewModel.swift */; };
		8C8AC0DBD4492EEB4E2494BB /* ProfileScene.swift in Sources */ = {isa = PBXBuildFile; fileRef = B1A0E1856691CA46381DCA86 /* ProfileScene.swift */; };
		8D800CCB78970FCE57003183 /* ProfileUseCaseOutput.swift in Sources */ = {isa = PBXBuildFile; fileRef = 71CB0076AB9992C2EF8993F2 /* ProfileUseCaseOutput.swift */; };
		9037EA9DA3E65071295C734C /* Assets.xcassets in Resources */ = {isa = PBXBuildFile; fileRef = 7D327554A16358F435608EF0 /* Assets.xcassets */; };
		911AA15C5AF024EB0A948BED /* CategoryDetail.swift in Sources */ = {isa = PBXBuildFile; fileRef = CFCF400A4E70FFB072193308 /* CategoryDetail.swift */; };
		9226B21125BBD92F99230C0B /* ProfileRouter.swift in Sources */ = {isa = PBXBuildFile; fileRef = 95E391D4253874C80ABC55E3 /* ProfileRouter.swift */; };
		92732ABDA81AC48364CE4304 /* ColorDetailRouter.swift in Sources */ = {isa = PBXBuildFile; fileRef = 6C971F124C542628EE58A0F2 /* ColorDetailRouter.swift */; };
		9DD7D6B34639B3694E5162F5 /* ArchiveAssembly.swift in Sources */ = {isa = PBXBuildFile; fileRef = E712A3AF9E3D5AEE295FC70E /* ArchiveAssembly.swift */; };
		A3137B821FF753D30E73B288 /* RevealScene.swift in Sources */ = {isa = PBXBuildFile; fileRef = 72F4BB90922A94C5E31F13BB /* RevealScene.swift */; };
		A409EFCF4FB83D92000CC1F4 /* RootView.swift in Sources */ = {isa = PBXBuildFile; fileRef = FC95E60B59F032B1006C6FD6 /* RootView.swift */; };
		A80FD4E83A8FE85399711D67 /* RevealPresenterOutput.swift in Sources */ = {isa = PBXBuildFile; fileRef = 5CA1F06014F0222ADF54F1F4 /* RevealPresenterOutput.swift */; };
		A8F2095DD2F91CDA85EAF674 /* CategoryDetailAssembly.swift in Sources */ = {isa = PBXBuildFile; fileRef = D6C983FC0697374134D26EB6 /* CategoryDetailAssembly.swift */; };
		AAF7EA134D54BD22124946A7 /* ProfileAssembly.swift in Sources */ = {isa = PBXBuildFile; fileRef = C8C4A1FA19CFBE22113428FF /* ProfileAssembly.swift */; };
		ADA4163AC28D00BE52524F2C /* TodayScene.swift in Sources */ = {isa = PBXBuildFile; fileRef = D33BF4B0809C2B845801E205 /* TodayScene.swift */; };
		AE571B7D4B90ACED61A990C0 /* DailyColorService.swift in Sources */ = {isa = PBXBuildFile; fileRef = 182454E6738D72CBDCF94086 /* DailyColorService.swift */; };
		B4BE6B807C51D62BEDC37490 /* NotificationService.swift in Sources */ = {isa = PBXBuildFile; fileRef = 308C9D87CDE2B58CB9B0F32D /* NotificationService.swift */; };
		B545621B200B1E6BA7491875 /* Newsreader-Italic.ttf in Resources */ = {isa = PBXBuildFile; fileRef = 300B8FC4CB7977F25107C6A8 /* Newsreader-Italic.ttf */; };
		B5EC64A054A270995376D1AE /* RevealUseCase.swift in Sources */ = {isa = PBXBuildFile; fileRef = 5277F6C0F96134178B46814A /* RevealUseCase.swift */; };
		BB174A60D18D89240CB25308 /* ColorEntity.swift in Sources */ = {isa = PBXBuildFile; fileRef = 3D3EFDDCC442ADEF6C62250F /* ColorEntity.swift */; };
		BB3049D7398031B5BADA51EB /* RevealPresenter.swift in Sources */ = {isa = PBXBuildFile; fileRef = D8015EC64DED54E10683F1FE /* RevealPresenter.swift */; };
		BF4DD5FA1CD537928F490720 /* Rule.swift in Sources */ = {isa = PBXBuildFile; fileRef = B8671B72F22E1DCAF416DACA /* Rule.swift */; };
		C509228EA287360869DE1AF5 /* Spacing.swift in Sources */ = {isa = PBXBuildFile; fileRef = 7036522279667774ED934FB1 /* Spacing.swift */; };
		C8E89C253DE85717986C82B3 /* tyrian-purple.json in Resources */ = {isa = PBXBuildFile; fileRef = 7F71E4645CC86F10E61F7783 /* tyrian-purple.json */; };
		CBAB93984AD01484B3D13E74 /* payne-grey.json in Resources */ = {isa = PBXBuildFile; fileRef = 887F79F1B4B2CE14D55F6A08 /* payne-grey.json */; };
		CD8E0272723DF695644AC35D /* saffron.json in Resources */ = {isa = PBXBuildFile; fileRef = 87D1A971B453E455A4D15B0F /* saffron.json */; };
		CFD3560E4F7053F335724564 /* CotdResult.swift in Sources */ = {isa = PBXBuildFile; fileRef = AB7CBAA4EADF5F88B4AF6D02 /* CotdResult.swift */; };
		D539669EE203DF450C5D0CFB /* Archive.swift in Sources */ = {isa = PBXBuildFile; fileRef = E6AA4E9160E0864AB40E9297 /* Archive.swift */; };
		D7082CBABBE3F8DCB2935D56 /* SpaceMono-Regular.ttf in Resources */ = {isa = PBXBuildFile; fileRef = A0BFA676F1A8BFCA8C8802F0 /* SpaceMono-Regular.ttf */; };
		D95A616407E22259FDCB4B96 /* SectionLabel.swift in Sources */ = {isa = PBXBuildFile; fileRef = 05A9DB0C9BB44B35B1710C47 /* SectionLabel.swift */; };
		DA510393705C3F845E5A7E13 /* CategoryDetailViewModel.swift in Sources */ = {isa = PBXBuildFile; fileRef = 84B6981D07CD67D08330D61C /* CategoryDetailViewModel.swift */; };
		DF3D00E7C82276A13AFBBCDC /* ColorDetailAssembly.swift in Sources */ = {isa = PBXBuildFile; fileRef = 672DD16625670373CFCAA496 /* ColorDetailAssembly.swift */; };
		DFAC547DB1E83CE5A8CD5290 /* SpaceMono-Bold.ttf in Resources */ = {isa = PBXBuildFile; fileRef = A42AC10820D48563A44DF954 /* SpaceMono-Bold.ttf */; };
		E2070C4147D11A765032BA7E /* TodayPresenter.swift in Sources */ = {isa = PBXBuildFile; fileRef = A8EEAE39D607EBACDCDC06D7 /* TodayPresenter.swift */; };
		E49B870A43B3B80CDF0728B0 /* ultramarine.json in Resources */ = {isa = PBXBuildFile; fileRef = 608365D8B26AB9CDA18F9D09 /* ultramarine.json */; };
		EDD50869EEE67AEB7B5ED9FE /* ColorDetailScene.swift in Sources */ = {isa = PBXBuildFile; fileRef = EFEF9C0F57B06128963A7A5F /* ColorDetailScene.swift */; };
		F115E4B5140288CA8788EE03 /* RevealAssembly.swift in Sources */ = {isa = PBXBuildFile; fileRef = 769EB9A05595C0E662406D14 /* RevealAssembly.swift */; };
		F175C3D87AB0C8A3D3092B00 /* MemorySettingsService.swift in Sources */ = {isa = PBXBuildFile; fileRef = 1A9C8A1C37CF939523254DFF /* MemorySettingsService.swift */; };
		F5DC4FD26030231856062690 /* LensEntity.swift in Sources */ = {isa = PBXBuildFile; fileRef = 0970D99447D5D77CAB0CB61D /* LensEntity.swift */; };
		F99AD41219C54A9D7C281181 /* vermilion.json in Resources */ = {isa = PBXBuildFile; fileRef = A8E91DA00843E8142501247C /* vermilion.json */; };
		FA148FEE9D9101C8A27457A8 /* CategoryDetailPresenterOutput.swift in Sources */ = {isa = PBXBuildFile; fileRef = 527E25ED2ED485AD8F214770 /* CategoryDetailPresenterOutput.swift */; };
		FE43DFF5E85F564345951133 /* ThemeEntity.swift in Sources */ = {isa = PBXBuildFile; fileRef = 0CC70A2B0F03D0BE71C1B83A /* ThemeEntity.swift */; };
		FEF37116A77A018D5FD01444 /* ArchiveScene.swift in Sources */ = {isa = PBXBuildFile; fileRef = F2F35BE8FFE506A8D8101D41 /* ArchiveScene.swift */; };
/* End PBXBuildFile section */

/* Begin PBXContainerItemProxy section */
		E884BA9FEC693B6CC426A40C /* PBXContainerItemProxy */ = {
			isa = PBXContainerItemProxy;
			containerPortal = A47733F528A30AD2C3456469 /* Project object */;
			proxyType = 1;
			remoteGlobalIDString = 9E5A0F532F397044D6252D43;
			remoteInfo = ColorOTD;
		};
/* End PBXContainerItemProxy section */

/* Begin PBXFileReference section */
		05A9DB0C9BB44B35B1710C47 /* SectionLabel.swift */ = {isa = PBXFileReference; lastKnownFileType = sourcecode.swift; path = SectionLabel.swift; sourceTree = "<group>"; };
		0816E8DF4E31ECA0860313A8 /* ValuePlacard.swift */ = {isa = PBXFileReference; lastKnownFileType = sourcecode.swift; path = ValuePlacard.swift; sourceTree = "<group>"; };
		0970D99447D5D77CAB0CB61D /* LensEntity.swift */ = {isa = PBXFileReference; lastKnownFileType = sourcecode.swift; path = LensEntity.swift; sourceTree = "<group>"; };
		099FB037117DAB4F5EB77E6E /* ProfileUseCase.swift */ = {isa = PBXFileReference; lastKnownFileType = sourcecode.swift; path = ProfileUseCase.swift; sourceTree = "<group>"; };
		09FCF1B9F7D65D0AFA1A18AF /* LensIndexRow.swift */ = {isa = PBXFileReference; lastKnownFileType = sourcecode.swift; path = LensIndexRow.swift; sourceTree = "<group>"; };
		0AFB45F256B4975AF2A473FF /* EntryImage.swift */ = {isa = PBXFileReference; lastKnownFileType = sourcecode.swift; path = EntryImage.swift; sourceTree = "<group>"; };
		0CC70A2B0F03D0BE71C1B83A /* ThemeEntity.swift */ = {isa = PBXFileReference; lastKnownFileType = sourcecode.swift; path = ThemeEntity.swift; sourceTree = "<group>"; };
		0CDA8CE38117B70FC1ACE660 /* Search.swift */ = {isa = PBXFileReference; lastKnownFileType = sourcecode.swift; path = Search.swift; sourceTree = "<group>"; };
		0D3256FB845E1B1D2A62790C /* orpiment.json */ = {isa = PBXFileReference; lastKnownFileType = text.json; path = orpiment.json; sourceTree = "<group>"; };
		11DD673550C3D923DB9D37D9 /* MemoryColorRepository.swift */ = {isa = PBXFileReference; lastKnownFileType = sourcecode.swift; path = MemoryColorRepository.swift; sourceTree = "<group>"; };
		12D83B9442E6B1F049A2BA0D /* StandardScene.swift */ = {isa = PBXFileReference; lastKnownFileType = sourcecode.swift; path = StandardScene.swift; sourceTree = "<group>"; };
		182454E6738D72CBDCF94086 /* DailyColorService.swift */ = {isa = PBXFileReference; lastKnownFileType = sourcecode.swift; path = DailyColorService.swift; sourceTree = "<group>"; };
		183B771C45CC4AA60BF19671 /* ColorDetailPresenterOutput.swift */ = {isa = PBXFileReference; lastKnownFileType = sourcecode.swift; path = ColorDetailPresenterOutput.swift; sourceTree = "<group>"; };
		1A9C8A1C37CF939523254DFF /* MemorySettingsService.swift */ = {isa = PBXFileReference; lastKnownFileType = sourcecode.swift; path = MemorySettingsService.swift; sourceTree = "<group>"; };
		1E080C2EAF4D58AAE0D56C98 /* lead-white.json */ = {isa = PBXFileReference; lastKnownFileType = text.json; path = "lead-white.json"; sourceTree = "<group>"; };
		1F10AFF1386BF39543B328AB /* SearchViewModel.swift */ = {isa = PBXFileReference; lastKnownFileType = sourcecode.swift; path = SearchViewModel.swift; sourceTree = "<group>"; };
		22FD3F85C111A02DB3148377 /* Reveal.swift */ = {isa = PBXFileReference; lastKnownFileType = sourcecode.swift; path = Reveal.swift; sourceTree = "<group>"; };
		281FDF56833CD1253A41A270 /* ValueUnit.swift */ = {isa = PBXFileReference; lastKnownFileType = sourcecode.swift; path = ValueUnit.swift; sourceTree = "<group>"; };
		2BFD228546DC3D9B66468217 /* TabHost.swift */ = {isa = PBXFileReference; lastKnownFileType = sourcecode.swift; path = TabHost.swift; sourceTree = "<group>"; };
		2DD671E0D43CE681A01F5F0F /* LensContent.swift */ = {isa = PBXFileReference; lastKnownFileType = sourcecode.swift; path = LensContent.swift; sourceTree = "<group>"; };
		300B8FC4CB7977F25107C6A8 /* Newsreader-Italic.ttf */ = {isa = PBXFileReference; lastKnownFileType = file; path = "Newsreader-Italic.ttf"; sourceTree = "<group>"; };
		308C9D87CDE2B58CB9B0F32D /* NotificationService.swift */ = {isa = PBXFileReference; lastKnownFileType = sourcecode.swift; path = NotificationService.swift; sourceTree = "<group>"; };
		325D8B526DDDFB3E314FCCA1 /* SearchPresenter.swift */ = {isa = PBXFileReference; lastKnownFileType = sourcecode.swift; path = SearchPresenter.swift; sourceTree = "<group>"; };
		33450662B5F5AB2E6B85C5FB /* CotdDestination.swift */ = {isa = PBXFileReference; lastKnownFileType = sourcecode.swift; path = CotdDestination.swift; sourceTree = "<group>"; };
		38C6CE75F861D0F8AB6F999E /* ArchiveRouter.swift */ = {isa = PBXFileReference; lastKnownFileType = sourcecode.swift; path = ArchiveRouter.swift; sourceTree = "<group>"; };
		397E1C0F826B210A67C257D6 /* ColorDetailPresenter.swift */ = {isa = PBXFileReference; lastKnownFileType = sourcecode.swift; path = ColorDetailPresenter.swift; sourceTree = "<group>"; };
		3A7DBB3677FA5FB39FD075F2 /* ColorRecipeView.swift */ = {isa = PBXFileReference; lastKnownFileType = sourcecode.swift; path = ColorRecipeView.swift; sourceTree = "<group>"; };
		3AAD3A75B7B47151CCD8A9A9 /* verdigris.json */ = {isa = PBXFileReference; lastKnownFileType = text.json; path = verdigris.json; sourceTree = "<group>"; };
		3C896002F4D34F8667BDA22F /* prussian-blue.json */ = {isa = PBXFileReference; lastKnownFileType = text.json; path = "prussian-blue.json"; sourceTree = "<group>"; };
		3D3EFDDCC442ADEF6C62250F /* ColorEntity.swift */ = {isa = PBXFileReference; lastKnownFileType = sourcecode.swift; path = ColorEntity.swift; sourceTree = "<group>"; };
		3E52C1ABE673F1807633FB7F /* carmine.json */ = {isa = PBXFileReference; lastKnownFileType = text.json; path = carmine.json; sourceTree = "<group>"; };
		41DD3F602E8E1F46107A1280 /* CotdColor.swift */ = {isa = PBXFileReference; lastKnownFileType = sourcecode.swift; path = CotdColor.swift; sourceTree = "<group>"; };
		426B9D4C1576B92DA81A5263 /* Newsreader.ttf */ = {isa = PBXFileReference; lastKnownFileType = file; path = Newsreader.ttf; sourceTree = "<group>"; };
		465CD7E925E073E76475B258 /* TodayUseCase.swift */ = {isa = PBXFileReference; lastKnownFileType = sourcecode.swift; path = TodayUseCase.swift; sourceTree = "<group>"; };
		4754AE659A944D5B500AFBFA /* StripePlaceholder.swift */ = {isa = PBXFileReference; lastKnownFileType = sourcecode.swift; path = StripePlaceholder.swift; sourceTree = "<group>"; };
		5277F6C0F96134178B46814A /* RevealUseCase.swift */ = {isa = PBXFileReference; lastKnownFileType = sourcecode.swift; path = RevealUseCase.swift; sourceTree = "<group>"; };
		527E25ED2ED485AD8F214770 /* CategoryDetailPresenterOutput.swift */ = {isa = PBXFileReference; lastKnownFileType = sourcecode.swift; path = CategoryDetailPresenterOutput.swift; sourceTree = "<group>"; };
		538DFB22C003F925602011BC /* MemoryDailyColorService.swift */ = {isa = PBXFileReference; lastKnownFileType = sourcecode.swift; path = MemoryDailyColorService.swift; sourceTree = "<group>"; };
		572C92DE02B6EFE6DB23F3FC /* SearchUseCaseOutput.swift */ = {isa = PBXFileReference; lastKnownFileType = sourcecode.swift; path = SearchUseCaseOutput.swift; sourceTree = "<group>"; };
		5CA1F06014F0222ADF54F1F4 /* RevealPresenterOutput.swift */ = {isa = PBXFileReference; lastKnownFileType = sourcecode.swift; path = RevealPresenterOutput.swift; sourceTree = "<group>"; };
		5DFA5F303DCB63E7E7DD30F6 /* ColorHeroLayout.swift */ = {isa = PBXFileReference; lastKnownFileType = sourcecode.swift; path = ColorHeroLayout.swift; sourceTree = "<group>"; };
		608365D8B26AB9CDA18F9D09 /* ultramarine.json */ = {isa = PBXFileReference; lastKnownFileType = text.json; path = ultramarine.json; sourceTree = "<group>"; };
		62299342BA51D4D52896A6DC /* TodayUseCaseOutput.swift */ = {isa = PBXFileReference; lastKnownFileType = sourcecode.swift; path = TodayUseCaseOutput.swift; sourceTree = "<group>"; };
		640296DB90DBB0F54B7AF929 /* BackGlyph.swift */ = {isa = PBXFileReference; lastKnownFileType = sourcecode.swift; path = BackGlyph.swift; sourceTree = "<group>"; };
		672DD16625670373CFCAA496 /* ColorDetailAssembly.swift */ = {isa = PBXFileReference; lastKnownFileType = sourcecode.swift; path = ColorDetailAssembly.swift; sourceTree = "<group>"; };
		6C971F124C542628EE58A0F2 /* ColorDetailRouter.swift */ = {isa = PBXFileReference; lastKnownFileType = sourcecode.swift; path = ColorDetailRouter.swift; sourceTree = "<group>"; };
		7036522279667774ED934FB1 /* Spacing.swift */ = {isa = PBXFileReference; lastKnownFileType = sourcecode.swift; path = Spacing.swift; sourceTree = "<group>"; };
		7145426632F6CC4F0A499716 /* Chevron.swift */ = {isa = PBXFileReference; lastKnownFileType = sourcecode.swift; path = Chevron.swift; sourceTree = "<group>"; };
		71CB0076AB9992C2EF8993F2 /* ProfileUseCaseOutput.swift */ = {isa = PBXFileReference; lastKnownFileType = sourcecode.swift; path = ProfileUseCaseOutput.swift; sourceTree = "<group>"; };
		726107BFF0ED1D79099C4C76 /* SearchScene.swift */ = {isa = PBXFileReference; lastKnownFileType = sourcecode.swift; path = SearchScene.swift; sourceTree = "<group>"; };
		72F4BB90922A94C5E31F13BB /* RevealScene.swift */ = {isa = PBXFileReference; lastKnownFileType = sourcecode.swift; path = RevealScene.swift; sourceTree = "<group>"; };
		7522AB4CEE6D8CBFFAC7E3E8 /* ColorOTDTests.xctest */ = {isa = PBXFileReference; includeInIndex = 0; lastKnownFileType = wrapper.cfbundle; path = ColorOTDTests.xctest; sourceTree = BUILT_PRODUCTS_DIR; };
		75A2D8C5CD47DFBC9DA76811 /* GlassButton.swift */ = {isa = PBXFileReference; lastKnownFileType = sourcecode.swift; path = GlassButton.swift; sourceTree = "<group>"; };
		769EB9A05595C0E662406D14 /* RevealAssembly.swift */ = {isa = PBXFileReference; lastKnownFileType = sourcecode.swift; path = RevealAssembly.swift; sourceTree = "<group>"; };
		7978797CA58B62F3C4E828B1 /* TodayAssembly.swift */ = {isa = PBXFileReference; lastKnownFileType = sourcecode.swift; path = TodayAssembly.swift; sourceTree = "<group>"; };
		7BCF70D68F1B61642E1A6040 /* ProfilePresenterOutput.swift */ = {isa = PBXFileReference; lastKnownFileType = sourcecode.swift; path = ProfilePresenterOutput.swift; sourceTree = "<group>"; };
		7D04AD5DFDE53D24615D724C /* CategoryDetailPresenter.swift */ = {isa = PBXFileReference; lastKnownFileType = sourcecode.swift; path = CategoryDetailPresenter.swift; sourceTree = "<group>"; };
		7D327554A16358F435608EF0 /* Assets.xcassets */ = {isa = PBXFileReference; lastKnownFileType = folder.assetcatalog; path = Assets.xcassets; sourceTree = "<group>"; };
		7EF68326D057D657A666F632 /* MemoryFavoritesService.swift */ = {isa = PBXFileReference; lastKnownFileType = sourcecode.swift; path = MemoryFavoritesService.swift; sourceTree = "<group>"; };
		7F71E4645CC86F10E61F7783 /* tyrian-purple.json */ = {isa = PBXFileReference; lastKnownFileType = text.json; path = "tyrian-purple.json"; sourceTree = "<group>"; };
		80B87739445BB986ACAC7ECE /* ArchivePresenterOutput.swift */ = {isa = PBXFileReference; lastKnownFileType = sourcecode.swift; path = ArchivePresenterOutput.swift; sourceTree = "<group>"; };
		8396729D3A15EAD0C31D9772 /* RevealUseCaseOutput.swift */ = {isa = PBXFileReference; lastKnownFileType = sourcecode.swift; path = RevealUseCaseOutput.swift; sourceTree = "<group>"; };
		84B6981D07CD67D08330D61C /* CategoryDetailViewModel.swift */ = {isa = PBXFileReference; lastKnownFileType = sourcecode.swift; path = CategoryDetailViewModel.swift; sourceTree = "<group>"; };
		876D8DA61D79C1D2FDA29448 /* BundledData.swift */ = {isa = PBXFileReference; lastKnownFileType = sourcecode.swift; path = BundledData.swift; sourceTree = "<group>"; };
		87D1A971B453E455A4D15B0F /* saffron.json */ = {isa = PBXFileReference; lastKnownFileType = text.json; path = saffron.json; sourceTree = "<group>"; };
		88715395000F86054321B919 /* ColorDetail.swift */ = {isa = PBXFileReference; lastKnownFileType = sourcecode.swift; path = ColorDetail.swift; sourceTree = "<group>"; };
		887F79F1B4B2CE14D55F6A08 /* payne-grey.json */ = {isa = PBXFileReference; lastKnownFileType = text.json; path = "payne-grey.json"; sourceTree = "<group>"; };
		89DEC562B51F63A3E8FAAA41 /* ArchiveUseCase.swift */ = {isa = PBXFileReference; lastKnownFileType = sourcecode.swift; path = ArchiveUseCase.swift; sourceTree = "<group>"; };
		8D2D48B0B7FEC8D5069F3DC8 /* Profile.swift */ = {isa = PBXFileReference; lastKnownFileType = sourcecode.swift; path = Profile.swift; sourceTree = "<group>"; };
		8D3CA90B9E3E92B9A108BDC6 /* ColorOTDApp.swift */ = {isa = PBXFileReference; lastKnownFileType = sourcecode.swift; path = ColorOTDApp.swift; sourceTree = "<group>"; };
		8DF7A5DEC6102EC3C9046A9E /* ArchiveViewModel.swift */ = {isa = PBXFileReference; lastKnownFileType = sourcecode.swift; path = ArchiveViewModel.swift; sourceTree = "<group>"; };
		8DF7EDA5AEF4CC0B8CE544C0 /* SearchRouter.swift */ = {isa = PBXFileReference; lastKnownFileType = sourcecode.swift; path = SearchRouter.swift; sourceTree = "<group>"; };
		8EA625326E42FA4354DE8B77 /* cobalt.json */ = {isa = PBXFileReference; lastKnownFileType = text.json; path = cobalt.json; sourceTree = "<group>"; };
		8FB91C58C78CE1A92D5B55B2 /* HeartGlyph.swift */ = {isa = PBXFileReference; lastKnownFileType = sourcecode.swift; path = HeartGlyph.swift; sourceTree = "<group>"; };
		904B0C9AE1BC624BDCB94DB4 /* scheeles-green.json */ = {isa = PBXFileReference; lastKnownFileType = text.json; path = "scheeles-green.json"; sourceTree = "<group>"; };
		9057E2FAC20B22041F15EEE3 /* LensEntryEntity.swift */ = {isa = PBXFileReference; lastKnownFileType = sourcecode.swift; path = LensEntryEntity.swift; sourceTree = "<group>"; };
		95E391D4253874C80ABC55E3 /* ProfileRouter.swift */ = {isa = PBXFileReference; lastKnownFileType = sourcecode.swift; path = ProfileRouter.swift; sourceTree = "<group>"; };
		995BA8E7E4FA093332334154 /* ColorDetailUseCase.swift */ = {isa = PBXFileReference; lastKnownFileType = sourcecode.swift; path = ColorDetailUseCase.swift; sourceTree = "<group>"; };
		9C0ED8B05C9F45A38EEE596C /* ArchiveUseCaseOutput.swift */ = {isa = PBXFileReference; lastKnownFileType = sourcecode.swift; path = ArchiveUseCaseOutput.swift; sourceTree = "<group>"; };
		9CAA9FC0C30695261FF25C35 /* SwatchTile.swift */ = {isa = PBXFileReference; lastKnownFileType = sourcecode.swift; path = SwatchTile.swift; sourceTree = "<group>"; };
		9EDBC713299546BEDFBF9FA4 /* CotdAppState.swift */ = {isa = PBXFileReference; lastKnownFileType = sourcecode.swift; path = CotdAppState.swift; sourceTree = "<group>"; };
		9EEB437AC7C7E4A10E4B472E /* indian-yellow.json */ = {isa = PBXFileReference; lastKnownFileType = text.json; path = "indian-yellow.json"; sourceTree = "<group>"; };
		9F2320063A39E56A0443DF85 /* SearchUseCase.swift */ = {isa = PBXFileReference; lastKnownFileType = sourcecode.swift; path = SearchUseCase.swift; sourceTree = "<group>"; };
		A0BFA676F1A8BFCA8C8802F0 /* SpaceMono-Regular.ttf */ = {isa = PBXFileReference; lastKnownFileType = file; path = "SpaceMono-Regular.ttf"; sourceTree = "<group>"; };
		A315EE48B07F85DFECBC1EF1 /* ColorDetailViewModel.swift */ = {isa = PBXFileReference; lastKnownFileType = sourcecode.swift; path = ColorDetailViewModel.swift; sourceTree = "<group>"; };
		A42AC10820D48563A44DF954 /* SpaceMono-Bold.ttf */ = {isa = PBXFileReference; lastKnownFileType = file; path = "SpaceMono-Bold.ttf"; sourceTree = "<group>"; };
		A7FA2FA43E58CFA7B74504F1 /* CategoryDetailRouter.swift */ = {isa = PBXFileReference; lastKnownFileType = sourcecode.swift; path = CategoryDetailRouter.swift; sourceTree = "<group>"; };
		A8E91DA00843E8142501247C /* vermilion.json */ = {isa = PBXFileReference; lastKnownFileType = text.json; path = vermilion.json; sourceTree = "<group>"; };
		A8EEAE39D607EBACDCDC06D7 /* TodayPresenter.swift */ = {isa = PBXFileReference; lastKnownFileType = sourcecode.swift; path = TodayPresenter.swift; sourceTree = "<group>"; };
		A9D1D8B2DFD12ABEA3331161 /* SearchPresenterOutput.swift */ = {isa = PBXFileReference; lastKnownFileType = sourcecode.swift; path = SearchPresenterOutput.swift; sourceTree = "<group>"; };
		AA1C551C50509405CBCD1A80 /* malachite.json */ = {isa = PBXFileReference; lastKnownFileType = text.json; path = malachite.json; sourceTree = "<group>"; };
		AB30EB792011920A6791350A /* RevealRouter.swift */ = {isa = PBXFileReference; lastKnownFileType = sourcecode.swift; path = RevealRouter.swift; sourceTree = "<group>"; };
		AB7CBAA4EADF5F88B4AF6D02 /* CotdResult.swift */ = {isa = PBXFileReference; lastKnownFileType = sourcecode.swift; path = CotdResult.swift; sourceTree = "<group>"; };
		ABAF49AEFD8DEEC36C57A99B /* TodayRouter.swift */ = {isa = PBXFileReference; lastKnownFileType = sourcecode.swift; path = TodayRouter.swift; sourceTree = "<group>"; };
		B1A0E1856691CA46381DCA86 /* ProfileScene.swift */ = {isa = PBXFileReference; lastKnownFileType = sourcecode.swift; path = ProfileScene.swift; sourceTree = "<group>"; };
		B2F3BB86339BBD38E80DD491 /* ArchivePresenter.swift */ = {isa = PBXFileReference; lastKnownFileType = sourcecode.swift; path = ArchivePresenter.swift; sourceTree = "<group>"; };
		B79FFFFD42F69F79169D7BD2 /* TabIcon.swift */ = {isa = PBXFileReference; lastKnownFileType = sourcecode.swift; path = TabIcon.swift; sourceTree = "<group>"; };
		B84036DA55DA44B714F17042 /* LensGlyph.swift */ = {isa = PBXFileReference; lastKnownFileType = sourcecode.swift; path = LensGlyph.swift; sourceTree = "<group>"; };
		B865A46A88CDAD82C57BDBA8 /* ThemeProvider.swift */ = {isa = PBXFileReference; lastKnownFileType = sourcecode.swift; path = ThemeProvider.swift; sourceTree = "<group>"; };
		B8671B72F22E1DCAF416DACA /* Rule.swift */ = {isa = PBXFileReference; lastKnownFileType = sourcecode.swift; path = Rule.swift; sourceTree = "<group>"; };
		BC88E0DD940727F408EFF0B8 /* DailyColorScheduler.swift */ = {isa = PBXFileReference; lastKnownFileType = sourcecode.swift; path = DailyColorScheduler.swift; sourceTree = "<group>"; };
		BDA8A873DE8FB789B4365964 /* Today.swift */ = {isa = PBXFileReference; lastKnownFileType = sourcecode.swift; path = Today.swift; sourceTree = "<group>"; };
		BDEDEBDAD02FB0EB4362E456 /* CategoryDetailUseCaseOutput.swift */ = {isa = PBXFileReference; lastKnownFileType = sourcecode.swift; path = CategoryDetailUseCaseOutput.swift; sourceTree = "<group>"; };
		C0D8E40BC0CADC02C83BE8A8 /* ErrorView.swift */ = {isa = PBXFileReference; lastKnownFileType = sourcecode.swift; path = ErrorView.swift; sourceTree = "<group>"; };
		C468E0D777F9D037262FE946 /* SearchAssembly.swift */ = {isa = PBXFileReference; lastKnownFileType = sourcecode.swift; path = SearchAssembly.swift; sourceTree = "<group>"; };
		C7FF9BF9A590FF42F8545FA5 /* CategoryDetailUseCase.swift */ = {isa = PBXFileReference; lastKnownFileType = sourcecode.swift; path = CategoryDetailUseCase.swift; sourceTree = "<group>"; };
		C8C4A1FA19CFBE22113428FF /* ProfileAssembly.swift */ = {isa = PBXFileReference; lastKnownFileType = sourcecode.swift; path = ProfileAssembly.swift; sourceTree = "<group>"; };
		CA482E2941A2A6B0486165F4 /* TodayViewModel.swift */ = {isa = PBXFileReference; lastKnownFileType = sourcecode.swift; path = TodayViewModel.swift; sourceTree = "<group>"; };
		CD3BEADF89795ABBECAA3740 /* ColorRepository.swift */ = {isa = PBXFileReference; lastKnownFileType = sourcecode.swift; path = ColorRepository.swift; sourceTree = "<group>"; };
		CE30A30272113A3DC8F62C01 /* TabHostState.swift */ = {isa = PBXFileReference; lastKnownFileType = sourcecode.swift; path = TabHostState.swift; sourceTree = "<group>"; };
		CFA3BFFF031F9366D7A6E7CC /* ProfilePresenter.swift */ = {isa = PBXFileReference; lastKnownFileType = sourcecode.swift; path = ProfilePresenter.swift; sourceTree = "<group>"; };
		CFCF400A4E70FFB072193308 /* CategoryDetail.swift */ = {isa = PBXFileReference; lastKnownFileType = sourcecode.swift; path = CategoryDetail.swift; sourceTree = "<group>"; };
		D33BF4B0809C2B845801E205 /* TodayScene.swift */ = {isa = PBXFileReference; lastKnownFileType = sourcecode.swift; path = TodayScene.swift; sourceTree = "<group>"; };
		D671C80D4EBDAB7B861E2CBC /* CategoryDetailScene.swift */ = {isa = PBXFileReference; lastKnownFileType = sourcecode.swift; path = CategoryDetailScene.swift; sourceTree = "<group>"; };
		D6C983FC0697374134D26EB6 /* CategoryDetailAssembly.swift */ = {isa = PBXFileReference; lastKnownFileType = sourcecode.swift; path = CategoryDetailAssembly.swift; sourceTree = "<group>"; };
		D8015EC64DED54E10683F1FE /* RevealPresenter.swift */ = {isa = PBXFileReference; lastKnownFileType = sourcecode.swift; path = RevealPresenter.swift; sourceTree = "<group>"; };
		DCCD29081573C1ED0A49C41E /* RecipeEntity.swift */ = {isa = PBXFileReference; lastKnownFileType = sourcecode.swift; path = RecipeEntity.swift; sourceTree = "<group>"; };
		E07D16165D2A957326A46B7C /* han-purple.json */ = {isa = PBXFileReference; lastKnownFileType = text.json; path = "han-purple.json"; sourceTree = "<group>"; };
		E52EE815386AFD02DDB1F7DA /* SettingsService.swift */ = {isa = PBXFileReference; lastKnownFileType = sourcecode.swift; path = SettingsService.swift; sourceTree = "<group>"; };
		E67F2740601708C3C53C7048 /* FavoritesService.swift */ = {isa = PBXFileReference; lastKnownFileType = sourcecode.swift; path = FavoritesService.swift; sourceTree = "<group>"; };
		E6AA4E9160E0864AB40E9297 /* Archive.swift */ = {isa = PBXFileReference; lastKnownFileType = sourcecode.swift; path = Archive.swift; sourceTree = "<group>"; };
		E712A3AF9E3D5AEE295FC70E /* ArchiveAssembly.swift */ = {isa = PBXFileReference; lastKnownFileType = sourcecode.swift; path = ArchiveAssembly.swift; sourceTree = "<group>"; };
		E890490E8BCAF4262CD94387 /* ProfileViewModel.swift */ = {isa = PBXFileReference; lastKnownFileType = sourcecode.swift; path = ProfileViewModel.swift; sourceTree = "<group>"; };
		EBDCEE48504156E0DCF31463 /* CotdFont.swift */ = {isa = PBXFileReference; lastKnownFileType = sourcecode.swift; path = CotdFont.swift; sourceTree = "<group>"; };
		EFEF9C0F57B06128963A7A5F /* ColorDetailScene.swift */ = {isa = PBXFileReference; lastKnownFileType = sourcecode.swift; path = ColorDetailScene.swift; sourceTree = "<group>"; };
		F222CF5D9E633DB79CB8FA20 /* ColorOTD.app */ = {isa = PBXFileReference; includeInIndex = 0; lastKnownFileType = wrapper.application; path = ColorOTD.app; sourceTree = BUILT_PRODUCTS_DIR; };
		F2F35BE8FFE506A8D8101D41 /* ArchiveScene.swift */ = {isa = PBXFileReference; lastKnownFileType = sourcecode.swift; path = ArchiveScene.swift; sourceTree = "<group>"; };
		F732CBEB0F9857725622E5A8 /* MessageType.swift */ = {isa = PBXFileReference; lastKnownFileType = sourcecode.swift; path = MessageType.swift; sourceTree = "<group>"; };
		F796FB1FC861E2215D4C3354 /* mummy-brown.json */ = {isa = PBXFileReference; lastKnownFileType = text.json; path = "mummy-brown.json"; sourceTree = "<group>"; };
		FC95E60B59F032B1006C6FD6 /* RootView.swift */ = {isa = PBXFileReference; lastKnownFileType = sourcecode.swift; path = RootView.swift; sourceTree = "<group>"; };
		FCCAB6ACF8B14A2C71AF7BAA /* Archivo.ttf */ = {isa = PBXFileReference; lastKnownFileType = file; path = Archivo.ttf; sourceTree = "<group>"; };
		FD8ABFAC4D57CE31DEC2CBE9 /* TodayPresenterOutput.swift */ = {isa = PBXFileReference; lastKnownFileType = sourcecode.swift; path = TodayPresenterOutput.swift; sourceTree = "<group>"; };
		FF7A705CBB4838AFCD352381 /* ColorDetailUseCaseOutput.swift */ = {isa = PBXFileReference; lastKnownFileType = sourcecode.swift; path = ColorDetailUseCaseOutput.swift; sourceTree = "<group>"; };
/* End PBXFileReference section */

/* Begin PBXGroup section */
		01552F0E9E10F08E1AD58F35 /* Tokens */ = {
			isa = PBXGroup;
			children = (
				41DD3F602E8E1F46107A1280 /* CotdColor.swift */,
				EBDCEE48504156E0DCF31463 /* CotdFont.swift */,
				7036522279667774ED934FB1 /* Spacing.swift */,
			);
			path = Tokens;
			sourceTree = "<group>";
		};
		1870DE458087F9FAE32AF456 /* AppState */ = {
			isa = PBXGroup;
			children = (
				9EDBC713299546BEDFBF9FA4 /* CotdAppState.swift */,
			);
			path = AppState;
			sourceTree = "<group>";
		};
		1F850F363D3B2A5F0B0878FF /* Domain */ = {
			isa = PBXGroup;
			children = (
				AB7CBAA4EADF5F88B4AF6D02 /* CotdResult.swift */,
				F732CBEB0F9857725622E5A8 /* MessageType.swift */,
				281FDF56833CD1253A41A270 /* ValueUnit.swift */,
				1870DE458087F9FAE32AF456 /* AppState */,
				E05EB63CB0A27876BD2C4ADE /* Entities */,
			);
			path = Domain;
			sourceTree = "<group>";
		};
		24F8D3B55FB5D0B0A3C03D08 /* Components */ = {
			isa = PBXGroup;
			children = (
				640296DB90DBB0F54B7AF929 /* BackGlyph.swift */,
				7145426632F6CC4F0A499716 /* Chevron.swift */,
				5DFA5F303DCB63E7E7DD30F6 /* ColorHeroLayout.swift */,
				3A7DBB3677FA5FB39FD075F2 /* ColorRecipeView.swift */,
				0AFB45F256B4975AF2A473FF /* EntryImage.swift */,
				C0D8E40BC0CADC02C83BE8A8 /* ErrorView.swift */,
				75A2D8C5CD47DFBC9DA76811 /* GlassButton.swift */,
				8FB91C58C78CE1A92D5B55B2 /* HeartGlyph.swift */,
				B84036DA55DA44B714F17042 /* LensGlyph.swift */,
				09FCF1B9F7D65D0AFA1A18AF /* LensIndexRow.swift */,
				B8671B72F22E1DCAF416DACA /* Rule.swift */,
				05A9DB0C9BB44B35B1710C47 /* SectionLabel.swift */,
				12D83B9442E6B1F049A2BA0D /* StandardScene.swift */,
				4754AE659A944D5B500AFBFA /* StripePlaceholder.swift */,
				9CAA9FC0C30695261FF25C35 /* SwatchTile.swift */,
				B79FFFFD42F69F79169D7BD2 /* TabIcon.swift */,
				0816E8DF4E31ECA0860313A8 /* ValuePlacard.swift */,
			);
			path = Components;
			sourceTree = "<group>";
		};
		25C486DE420A820159A1DCF6 /* ColorDetail */ = {
			isa = PBXGroup;
			children = (
				88715395000F86054321B919 /* ColorDetail.swift */,
				672DD16625670373CFCAA496 /* ColorDetailAssembly.swift */,
				397E1C0F826B210A67C257D6 /* ColorDetailPresenter.swift */,
				183B771C45CC4AA60BF19671 /* ColorDetailPresenterOutput.swift */,
				6C971F124C542628EE58A0F2 /* ColorDetailRouter.swift */,
				EFEF9C0F57B06128963A7A5F /* ColorDetailScene.swift */,
				995BA8E7E4FA093332334154 /* ColorDetailUseCase.swift */,
				FF7A705CBB4838AFCD352381 /* ColorDetailUseCaseOutput.swift */,
				A315EE48B07F85DFECBC1EF1 /* ColorDetailViewModel.swift */,
			);
			path = ColorDetail;
			sourceTree = "<group>";
		};
		37A149C62293390A60593DF7 /* DesignSystem */ = {
			isa = PBXGroup;
			children = (
				24F8D3B55FB5D0B0A3C03D08 /* Components */,
				01552F0E9E10F08E1AD58F35 /* Tokens */,
			);
			path = DesignSystem;
			sourceTree = "<group>";
		};
		3F0AF1DDCBAA8D99FB8F3FAA /* lens_content */ = {
			isa = PBXGroup;
			children = (
				3E52C1ABE673F1807633FB7F /* carmine.json */,
				8EA625326E42FA4354DE8B77 /* cobalt.json */,
				E07D16165D2A957326A46B7C /* han-purple.json */,
				9EEB437AC7C7E4A10E4B472E /* indian-yellow.json */,
				1E080C2EAF4D58AAE0D56C98 /* lead-white.json */,
				AA1C551C50509405CBCD1A80 /* malachite.json */,
				F796FB1FC861E2215D4C3354 /* mummy-brown.json */,
				0D3256FB845E1B1D2A62790C /* orpiment.json */,
				887F79F1B4B2CE14D55F6A08 /* payne-grey.json */,
				3C896002F4D34F8667BDA22F /* prussian-blue.json */,
				87D1A971B453E455A4D15B0F /* saffron.json */,
				904B0C9AE1BC624BDCB94DB4 /* scheeles-green.json */,
				7F71E4645CC86F10E61F7783 /* tyrian-purple.json */,
				608365D8B26AB9CDA18F9D09 /* ultramarine.json */,
				3AAD3A75B7B47151CCD8A9A9 /* verdigris.json */,
				A8E91DA00843E8142501247C /* vermilion.json */,
			);
			path = lens_content;
			sourceTree = "<group>";
		};
		637C319891D46BF635923FA8 /* Resources */ = {
			isa = PBXGroup;
			children = (
				7D327554A16358F435608EF0 /* Assets.xcassets */,
				CC73443B89FE23EA0087845F /* Fonts */,
				3F0AF1DDCBAA8D99FB8F3FAA /* lens_content */,
			);
			path = Resources;
			sourceTree = "<group>";
		};
		642996E84EBCB47BEEF64F96 /* Search */ = {
			isa = PBXGroup;
			children = (
				0CDA8CE38117B70FC1ACE660 /* Search.swift */,
				C468E0D777F9D037262FE946 /* SearchAssembly.swift */,
				325D8B526DDDFB3E314FCCA1 /* SearchPresenter.swift */,
				A9D1D8B2DFD12ABEA3331161 /* SearchPresenterOutput.swift */,
				8DF7EDA5AEF4CC0B8CE544C0 /* SearchRouter.swift */,
				726107BFF0ED1D79099C4C76 /* SearchScene.swift */,
				9F2320063A39E56A0443DF85 /* SearchUseCase.swift */,
				572C92DE02B6EFE6DB23F3FC /* SearchUseCaseOutput.swift */,
				1F10AFF1386BF39543B328AB /* SearchViewModel.swift */,
			);
			path = Search;
			sourceTree = "<group>";
		};
		701EE80E7E175B33E517D1A7 = {
			isa = PBXGroup;
			children = (
				D27F1746A60180C1170FAC01 /* Sources */,
				8C6BA92B6B1544EAD9497120 /* Tests */,
				9DC70AD8772F27582A8BF355 /* Products */,
			);
			sourceTree = "<group>";
		};
		897CFC470ECA2C7358B8851F /* Archive */ = {
			isa = PBXGroup;
			children = (
				E6AA4E9160E0864AB40E9297 /* Archive.swift */,
				E712A3AF9E3D5AEE295FC70E /* ArchiveAssembly.swift */,
				B2F3BB86339BBD38E80DD491 /* ArchivePresenter.swift */,
				80B87739445BB986ACAC7ECE /* ArchivePresenterOutput.swift */,
				38C6CE75F861D0F8AB6F999E /* ArchiveRouter.swift */,
				F2F35BE8FFE506A8D8101D41 /* ArchiveScene.swift */,
				89DEC562B51F63A3E8FAAA41 /* ArchiveUseCase.swift */,
				9C0ED8B05C9F45A38EEE596C /* ArchiveUseCaseOutput.swift */,
				8DF7A5DEC6102EC3C9046A9E /* ArchiveViewModel.swift */,
			);
			path = Archive;
			sourceTree = "<group>";
		};
		8AA01C6ABC250AB13E04B382 /* Repo */ = {
			isa = PBXGroup;
			children = (
				F6F9D2C0D839629E5D778D27 /* Factory */,
				94CB8CC1DDFC4D249DF3C3EE /* Memory */,
			);
			path = Repo;
			sourceTree = "<group>";
		};
		8C6BA92B6B1544EAD9497120 /* Tests */ = {
			isa = PBXGroup;
			children = (
				B5DD0131A79795FC96B99B3C /* ColorOTDTests */,
			);
			path = Tests;
			sourceTree = "<group>";
		};
		8F82B4DF0E04DA165E0B7EF3 /* CategoryDetail */ = {
			isa = PBXGroup;
			children = (
				CFCF400A4E70FFB072193308 /* CategoryDetail.swift */,
				D6C983FC0697374134D26EB6 /* CategoryDetailAssembly.swift */,
				7D04AD5DFDE53D24615D724C /* CategoryDetailPresenter.swift */,
				527E25ED2ED485AD8F214770 /* CategoryDetailPresenterOutput.swift */,
				A7FA2FA43E58CFA7B74504F1 /* CategoryDetailRouter.swift */,
				D671C80D4EBDAB7B861E2CBC /* CategoryDetailScene.swift */,
				C7FF9BF9A590FF42F8545FA5 /* CategoryDetailUseCase.swift */,
				BDEDEBDAD02FB0EB4362E456 /* CategoryDetailUseCaseOutput.swift */,
				84B6981D07CD67D08330D61C /* CategoryDetailViewModel.swift */,
			);
			path = CategoryDetail;
			sourceTree = "<group>";
		};
		94CB8CC1DDFC4D249DF3C3EE /* Memory */ = {
			isa = PBXGroup;
			children = (
				876D8DA61D79C1D2FDA29448 /* BundledData.swift */,
				2DD671E0D43CE681A01F5F0F /* LensContent.swift */,
				11DD673550C3D923DB9D37D9 /* MemoryColorRepository.swift */,
				538DFB22C003F925602011BC /* MemoryDailyColorService.swift */,
				7EF68326D057D657A666F632 /* MemoryFavoritesService.swift */,
				1A9C8A1C37CF939523254DFF /* MemorySettingsService.swift */,
			);
			path = Memory;
			sourceTree = "<group>";
		};
		9A0E379449570312B08E75D0 /* Profile */ = {
			isa = PBXGroup;
			children = (
				8D2D48B0B7FEC8D5069F3DC8 /* Profile.swift */,
				C8C4A1FA19CFBE22113428FF /* ProfileAssembly.swift */,
				CFA3BFFF031F9366D7A6E7CC /* ProfilePresenter.swift */,
				7BCF70D68F1B61642E1A6040 /* ProfilePresenterOutput.swift */,
				95E391D4253874C80ABC55E3 /* ProfileRouter.swift */,
				B1A0E1856691CA46381DCA86 /* ProfileScene.swift */,
				099FB037117DAB4F5EB77E6E /* ProfileUseCase.swift */,
				71CB0076AB9992C2EF8993F2 /* ProfileUseCaseOutput.swift */,
				E890490E8BCAF4262CD94387 /* ProfileViewModel.swift */,
			);
			path = Profile;
			sourceTree = "<group>";
		};
		9DC70AD8772F27582A8BF355 /* Products */ = {
			isa = PBXGroup;
			children = (
				F222CF5D9E633DB79CB8FA20 /* ColorOTD.app */,
				7522AB4CEE6D8CBFFAC7E3E8 /* ColorOTDTests.xctest */,
			);
			name = Products;
			sourceTree = "<group>";
		};
		B5DD0131A79795FC96B99B3C /* ColorOTDTests */ = {
			isa = PBXGroup;
			children = (
			);
			path = ColorOTDTests;
			sourceTree = "<group>";
		};
		C49C2F627F0B213CCA60D8F1 /* Reveal */ = {
			isa = PBXGroup;
			children = (
				22FD3F85C111A02DB3148377 /* Reveal.swift */,
				769EB9A05595C0E662406D14 /* RevealAssembly.swift */,
				D8015EC64DED54E10683F1FE /* RevealPresenter.swift */,
				5CA1F06014F0222ADF54F1F4 /* RevealPresenterOutput.swift */,
				AB30EB792011920A6791350A /* RevealRouter.swift */,
				72F4BB90922A94C5E31F13BB /* RevealScene.swift */,
				5277F6C0F96134178B46814A /* RevealUseCase.swift */,
				8396729D3A15EAD0C31D9772 /* RevealUseCaseOutput.swift */,
			);
			path = Reveal;
			sourceTree = "<group>";
		};
		CC73443B89FE23EA0087845F /* Fonts */ = {
			isa = PBXGroup;
			children = (
				FCCAB6ACF8B14A2C71AF7BAA /* Archivo.ttf */,
				300B8FC4CB7977F25107C6A8 /* Newsreader-Italic.ttf */,
				426B9D4C1576B92DA81A5263 /* Newsreader.ttf */,
				A42AC10820D48563A44DF954 /* SpaceMono-Bold.ttf */,
				A0BFA676F1A8BFCA8C8802F0 /* SpaceMono-Regular.ttf */,
			);
			path = Fonts;
			sourceTree = "<group>";
		};
		D27F1746A60180C1170FAC01 /* Sources */ = {
			isa = PBXGroup;
			children = (
				F1E7B6BD26936B9BA794B738 /* App */,
				37A149C62293390A60593DF7 /* DesignSystem */,
				1F850F363D3B2A5F0B0878FF /* Domain */,
				E2981A43EAF89FE945B323A6 /* Features */,
				8AA01C6ABC250AB13E04B382 /* Repo */,
				637C319891D46BF635923FA8 /* Resources */,
			);
			path = Sources;
			sourceTree = "<group>";
		};
		DC693239C8DDD44623B3BD6F /* Today */ = {
			isa = PBXGroup;
			children = (
				BDA8A873DE8FB789B4365964 /* Today.swift */,
				7978797CA58B62F3C4E828B1 /* TodayAssembly.swift */,
				A8EEAE39D607EBACDCDC06D7 /* TodayPresenter.swift */,
				FD8ABFAC4D57CE31DEC2CBE9 /* TodayPresenterOutput.swift */,
				ABAF49AEFD8DEEC36C57A99B /* TodayRouter.swift */,
				D33BF4B0809C2B845801E205 /* TodayScene.swift */,
				465CD7E925E073E76475B258 /* TodayUseCase.swift */,
				62299342BA51D4D52896A6DC /* TodayUseCaseOutput.swift */,
				CA482E2941A2A6B0486165F4 /* TodayViewModel.swift */,
			);
			path = Today;
			sourceTree = "<group>";
		};
		E05EB63CB0A27876BD2C4ADE /* Entities */ = {
			isa = PBXGroup;
			children = (
				3D3EFDDCC442ADEF6C62250F /* ColorEntity.swift */,
				0970D99447D5D77CAB0CB61D /* LensEntity.swift */,
				9057E2FAC20B22041F15EEE3 /* LensEntryEntity.swift */,
				DCCD29081573C1ED0A49C41E /* RecipeEntity.swift */,
				0CC70A2B0F03D0BE71C1B83A /* ThemeEntity.swift */,
			);
			path = Entities;
			sourceTree = "<group>";
		};
		E2981A43EAF89FE945B323A6 /* Features */ = {
			isa = PBXGroup;
			children = (
				897CFC470ECA2C7358B8851F /* Archive */,
				8F82B4DF0E04DA165E0B7EF3 /* CategoryDetail */,
				25C486DE420A820159A1DCF6 /* ColorDetail */,
				9A0E379449570312B08E75D0 /* Profile */,
				C49C2F627F0B213CCA60D8F1 /* Reveal */,
				642996E84EBCB47BEEF64F96 /* Search */,
				DC693239C8DDD44623B3BD6F /* Today */,
			);
			path = Features;
			sourceTree = "<group>";
		};
		F1E7B6BD26936B9BA794B738 /* App */ = {
			isa = PBXGroup;
			children = (
				8D3CA90B9E3E92B9A108BDC6 /* ColorOTDApp.swift */,
				33450662B5F5AB2E6B85C5FB /* CotdDestination.swift */,
				BC88E0DD940727F408EFF0B8 /* DailyColorScheduler.swift */,
				308C9D87CDE2B58CB9B0F32D /* NotificationService.swift */,
				FC95E60B59F032B1006C6FD6 /* RootView.swift */,
				2BFD228546DC3D9B66468217 /* TabHost.swift */,
				CE30A30272113A3DC8F62C01 /* TabHostState.swift */,
			);
			path = App;
			sourceTree = "<group>";
		};
		F6F9D2C0D839629E5D778D27 /* Factory */ = {
			isa = PBXGroup;
			children = (
				CD3BEADF89795ABBECAA3740 /* ColorRepository.swift */,
				182454E6738D72CBDCF94086 /* DailyColorService.swift */,
				E67F2740601708C3C53C7048 /* FavoritesService.swift */,
				E52EE815386AFD02DDB1F7DA /* SettingsService.swift */,
				B865A46A88CDAD82C57BDBA8 /* ThemeProvider.swift */,
			);
			path = Factory;
			sourceTree = "<group>";
		};
/* End PBXGroup section */

/* Begin PBXNativeTarget section */
		91D51A7ED3CF7CDEE16A8403 /* ColorOTDTests */ = {
			isa = PBXNativeTarget;
			buildConfigurationList = 769519C0E876FE29110ECF24 /* Build configuration list for PBXNativeTarget "ColorOTDTests" */;
			buildPhases = (
				2503F692CA231B2681EF9D0F /* Sources */,
			);
			buildRules = (
			);
			dependencies = (
				54063DDFBA45E02C2FFF6BD7 /* PBXTargetDependency */,
			);
			name = ColorOTDTests;
			packageProductDependencies = (
			);
			productName = ColorOTDTests;
			productReference = 7522AB4CEE6D8CBFFAC7E3E8 /* ColorOTDTests.xctest */;
			productType = "com.apple.product-type.bundle.unit-test";
		};
		9E5A0F532F397044D6252D43 /* ColorOTD */ = {
			isa = PBXNativeTarget;
			buildConfigurationList = D0ED3DC5F9B3E75266CDABB0 /* Build configuration list for PBXNativeTarget "ColorOTD" */;
			buildPhases = (
				3164A8D32C0B9D355FCFF6EB /* Sources */,
				963B92708B50049DC59F6BD6 /* Resources */,
			);
			buildRules = (
			);
			dependencies = (
			);
			name = ColorOTD;
			packageProductDependencies = (
			);
			productName = ColorOTD;
			productReference = F222CF5D9E633DB79CB8FA20 /* ColorOTD.app */;
			productType = "com.apple.product-type.application";
		};
/* End PBXNativeTarget section */

/* Begin PBXProject section */
		A47733F528A30AD2C3456469 /* Project object */ = {
			isa = PBXProject;
			attributes = {
				BuildIndependentTargetsInParallel = YES;
				LastUpgradeCheck = 1430;
				TargetAttributes = {
					91D51A7ED3CF7CDEE16A8403 = {
						DevelopmentTeam = "";
						ProvisioningStyle = Automatic;
					};
					9E5A0F532F397044D6252D43 = {
						DevelopmentTeam = "";
						ProvisioningStyle = Automatic;
					};
				};
			};
			buildConfigurationList = 8A1103D63EB66BD741FE453B /* Build configuration list for PBXProject "ColorOTD" */;
			developmentRegion = en;
			hasScannedForEncodings = 0;
			knownRegions = (
				Base,
				en,
			);
			mainGroup = 701EE80E7E175B33E517D1A7;
			minimizedProjectReferenceProxies = 1;
			preferredProjectObjectVersion = 77;
			productRefGroup = 9DC70AD8772F27582A8BF355 /* Products */;
			projectDirPath = "";
			projectRoot = "";
			targets = (
				9E5A0F532F397044D6252D43 /* ColorOTD */,
				91D51A7ED3CF7CDEE16A8403 /* ColorOTDTests */,
			);
		};
/* End PBXProject section */

/* Begin PBXResourcesBuildPhase section */
		963B92708B50049DC59F6BD6 /* Resources */ = {
			isa = PBXResourcesBuildPhase;
			buildActionMask = 2147483647;
			files = (
				29121FCE1753FF44031C07D4 /* Archivo.ttf in Resources */,
				9037EA9DA3E65071295C734C /* Assets.xcassets in Resources */,
				B545621B200B1E6BA7491875 /* Newsreader-Italic.ttf in Resources */,
				50A7495CB67EB28CB59A2316 /* Newsreader.ttf in Resources */,
				DFAC547DB1E83CE5A8CD5290 /* SpaceMono-Bold.ttf in Resources */,
				D7082CBABBE3F8DCB2935D56 /* SpaceMono-Regular.ttf in Resources */,
				1AC19BCBE3F3056A1F76AA16 /* carmine.json in Resources */,
				70552BED0E75F4779CEEF299 /* cobalt.json in Resources */,
				4B38484D6B1C0C06F5C21CD7 /* han-purple.json in Resources */,
				1268C70DF6F9A3105AF20EC4 /* indian-yellow.json in Resources */,
				4F38218FB9DC777351D9D85C /* lead-white.json in Resources */,
				28A054833C8D3AEF525E97EC /* malachite.json in Resources */,
				303EA1552A21EC8BABA02528 /* mummy-brown.json in Resources */,
				085251FA45ABA0655773112D /* orpiment.json in Resources */,
				CBAB93984AD01484B3D13E74 /* payne-grey.json in Resources */,
				7D70D316B7031E044007FD98 /* prussian-blue.json in Resources */,
				CD8E0272723DF695644AC35D /* saffron.json in Resources */,
				6506876C0AC9629D416249B8 /* scheeles-green.json in Resources */,
				C8E89C253DE85717986C82B3 /* tyrian-purple.json in Resources */,
				E49B870A43B3B80CDF0728B0 /* ultramarine.json in Resources */,
				57BC2CF58438E6A05A2CFC3F /* verdigris.json in Resources */,
				F99AD41219C54A9D7C281181 /* vermilion.json in Resources */,
			);
			runOnlyForDeploymentPostprocessing = 0;
		};
/* End PBXResourcesBuildPhase section */

/* Begin PBXSourcesBuildPhase section */
		2503F692CA231B2681EF9D0F /* Sources */ = {
			isa = PBXSourcesBuildPhase;
			buildActionMask = 2147483647;
			files = (
			);
			runOnlyForDeploymentPostprocessing = 0;
		};
		3164A8D32C0B9D355FCFF6EB /* Sources */ = {
			isa = PBXSourcesBuildPhase;
			buildActionMask = 2147483647;
			files = (
				D539669EE203DF450C5D0CFB /* Archive.swift in Sources */,
				9DD7D6B34639B3694E5162F5 /* ArchiveAssembly.swift in Sources */,
				5920AAA90C88E97BBA21D7D6 /* ArchivePresenter.swift in Sources */,
				6DD104262A57EA076B22ADF6 /* ArchivePresenterOutput.swift in Sources */,
				4D2B5FE21A167AD801798E52 /* ArchiveRouter.swift in Sources */,
				FEF37116A77A018D5FD01444 /* ArchiveScene.swift in Sources */,
				8459C391EA713AD57FDAD506 /* ArchiveUseCase.swift in Sources */,
				04C1A3C55E56319F7828B0B9 /* ArchiveUseCaseOutput.swift in Sources */,
				8B526E5A66D4FAB432268AA7 /* ArchiveViewModel.swift in Sources */,
				5A9F535E3631B8471F60705D /* BackGlyph.swift in Sources */,
				5DF56C46644911FC005300F0 /* BundledData.swift in Sources */,
				911AA15C5AF024EB0A948BED /* CategoryDetail.swift in Sources */,
				A8F2095DD2F91CDA85EAF674 /* CategoryDetailAssembly.swift in Sources */,
				81E4DE55325B927C8BB9DC5C /* CategoryDetailPresenter.swift in Sources */,
				FA148FEE9D9101C8A27457A8 /* CategoryDetailPresenterOutput.swift in Sources */,
				04A7B0BCE76D01E7ABD950CF /* CategoryDetailRouter.swift in Sources */,
				6EF7D58029FB463D5116E1C6 /* CategoryDetailScene.swift in Sources */,
				4FEF6A1FADA1A19DD9CB0303 /* CategoryDetailUseCase.swift in Sources */,
				75F7CBF6FCDEDAA48E9D073F /* CategoryDetailUseCaseOutput.swift in Sources */,
				DA510393705C3F845E5A7E13 /* CategoryDetailViewModel.swift in Sources */,
				8A263441CD6A4E09ACD1811F /* Chevron.swift in Sources */,
				42D3AA0D73BF9D52540ADA4D /* ColorDetail.swift in Sources */,
				DF3D00E7C82276A13AFBBCDC /* ColorDetailAssembly.swift in Sources */,
				08846B45016C66CECE86EC2B /* ColorDetailPresenter.swift in Sources */,
				2B2354B2AD5DFCB8116F10B7 /* ColorDetailPresenterOutput.swift in Sources */,
				92732ABDA81AC48364CE4304 /* ColorDetailRouter.swift in Sources */,
				EDD50869EEE67AEB7B5ED9FE /* ColorDetailScene.swift in Sources */,
				3B19E503A61DE6E216587643 /* ColorDetailUseCase.swift in Sources */,
				8890BCBD6366958F92C01338 /* ColorDetailUseCaseOutput.swift in Sources */,
				327AEEA2729E5B21A59734B3 /* ColorDetailViewModel.swift in Sources */,
				BB174A60D18D89240CB25308 /* ColorEntity.swift in Sources */,
				72A7E2B3F50ACC33D0183D9A /* ColorHeroLayout.swift in Sources */,
				7326F34D10B6E54E9563693A /* ColorOTDApp.swift in Sources */,
				2BE98428C5C24CC02582A185 /* ColorRecipeView.swift in Sources */,
				4275CBE84603D5F5BCA4E52C /* ColorRepository.swift in Sources */,
				402CC325214B70EBEF9AF65D /* CotdAppState.swift in Sources */,
				01DFE23964BB442337471C92 /* CotdColor.swift in Sources */,
				64219F55BFD5B504708EC1E7 /* CotdDestination.swift in Sources */,
				201F56EB87B0B1F63BC2B218 /* CotdFont.swift in Sources */,
				CFD3560E4F7053F335724564 /* CotdResult.swift in Sources */,
				80E759D0FB68DA459F07E46C /* DailyColorScheduler.swift in Sources */,
				AE571B7D4B90ACED61A990C0 /* DailyColorService.swift in Sources */,
				496DE92627CC765492CDE005 /* EntryImage.swift in Sources */,
				190644B903B5F87630AF0914 /* ErrorView.swift in Sources */,
				87FE8E759CAF3D5578486352 /* FavoritesService.swift in Sources */,
				4A7D2C5C4FA24E0501EFA7AF /* GlassButton.swift in Sources */,
				572A3CDB7BDC9EFB291E6EF6 /* HeartGlyph.swift in Sources */,
				08FA0293075745C329D4D256 /* LensContent.swift in Sources */,
				F5DC4FD26030231856062690 /* LensEntity.swift in Sources */,
				04BD0B152A9C5D8884BCFED5 /* LensEntryEntity.swift in Sources */,
				66ECADC3C126115C9ADF9172 /* LensGlyph.swift in Sources */,
				3259530FB3C667071232F139 /* LensIndexRow.swift in Sources */,
				3A9B06202AC406FC10298FA3 /* MemoryColorRepository.swift in Sources */,
				3AB541BB48A9E972F46666CA /* MemoryDailyColorService.swift in Sources */,
				229160DB80F1E78B653AAA6E /* MemoryFavoritesService.swift in Sources */,
				F175C3D87AB0C8A3D3092B00 /* MemorySettingsService.swift in Sources */,
				7642D9262B1ABBCFCEE63D53 /* MessageType.swift in Sources */,
				B4BE6B807C51D62BEDC37490 /* NotificationService.swift in Sources */,
				68DB39C425AC7B03015F88AC /* Profile.swift in Sources */,
				AAF7EA134D54BD22124946A7 /* ProfileAssembly.swift in Sources */,
				50DFF828988253682EE63681 /* ProfilePresenter.swift in Sources */,
				1E0E6A188A5CDEAD438C5AB4 /* ProfilePresenterOutput.swift in Sources */,
				9226B21125BBD92F99230C0B /* ProfileRouter.swift in Sources */,
				8C8AC0DBD4492EEB4E2494BB /* ProfileScene.swift in Sources */,
				3126DC5A75E46FE622F7E261 /* ProfileUseCase.swift in Sources */,
				8D800CCB78970FCE57003183 /* ProfileUseCaseOutput.swift in Sources */,
				4426E3546303EC191EBD8E21 /* ProfileViewModel.swift in Sources */,
				71D01B15FDC068D8E1FD2242 /* RecipeEntity.swift in Sources */,
				6C6754FDC358D97EA07F71A2 /* Reveal.swift in Sources */,
				F115E4B5140288CA8788EE03 /* RevealAssembly.swift in Sources */,
				BB3049D7398031B5BADA51EB /* RevealPresenter.swift in Sources */,
				A80FD4E83A8FE85399711D67 /* RevealPresenterOutput.swift in Sources */,
				106136762FCB17EB8637CC30 /* RevealRouter.swift in Sources */,
				A3137B821FF753D30E73B288 /* RevealScene.swift in Sources */,
				B5EC64A054A270995376D1AE /* RevealUseCase.swift in Sources */,
				59C156A0B85156560E7FDCB1 /* RevealUseCaseOutput.swift in Sources */,
				A409EFCF4FB83D92000CC1F4 /* RootView.swift in Sources */,
				BF4DD5FA1CD537928F490720 /* Rule.swift in Sources */,
				88D3E9C45175D2387D3C698E /* Search.swift in Sources */,
				188AAA82096CB284ED69DBDC /* SearchAssembly.swift in Sources */,
				784D31397DCC26A9D46F27EB /* SearchPresenter.swift in Sources */,
				5E499FBEF880662715EEC5EF /* SearchPresenterOutput.swift in Sources */,
				10E9B736A1B6052C18A19578 /* SearchRouter.swift in Sources */,
				7961F9B6C3DF7EAF2B355E0B /* SearchScene.swift in Sources */,
				3BC603A727A8A71859548DDA /* SearchUseCase.swift in Sources */,
				00C21A690DD58517E75C79A2 /* SearchUseCaseOutput.swift in Sources */,
				0E15D5AFC8BAE863635851A5 /* SearchViewModel.swift in Sources */,
				D95A616407E22259FDCB4B96 /* SectionLabel.swift in Sources */,
				22852E0CA20FB33D147685EB /* SettingsService.swift in Sources */,
				C509228EA287360869DE1AF5 /* Spacing.swift in Sources */,
				3DDF4E682D707F84C6CD4D54 /* StandardScene.swift in Sources */,
				85B763626F30CF1A201CB9E3 /* StripePlaceholder.swift in Sources */,
				24AC880BACA1E38BE7C1D88E /* SwatchTile.swift in Sources */,
				45E6F8F2BA160042029F23B2 /* TabHost.swift in Sources */,
				39FEBC9D992F96AC086467FD /* TabHostState.swift in Sources */,
				27054B55D120F52559BACC8A /* TabIcon.swift in Sources */,
				FE43DFF5E85F564345951133 /* ThemeEntity.swift in Sources */,
				3199984BA49638011C90F9BC /* ThemeProvider.swift in Sources */,
				59878DF24BAD77867451471F /* Today.swift in Sources */,
				7B6230661612CE5E9C637FAD /* TodayAssembly.swift in Sources */,
				E2070C4147D11A765032BA7E /* TodayPresenter.swift in Sources */,
				5BACA90F1069E36E2EDB6ADD /* TodayPresenterOutput.swift in Sources */,
				864B33CCCA19C8EE2BC1FAF8 /* TodayRouter.swift in Sources */,
				ADA4163AC28D00BE52524F2C /* TodayScene.swift in Sources */,
				03C78EC42D8D2425507E72D7 /* TodayUseCase.swift in Sources */,
				268C7F81B07F0A6BE5979248 /* TodayUseCaseOutput.swift in Sources */,
				0CF3117C16F6D11DE6E477D1 /* TodayViewModel.swift in Sources */,
				88A2761AEAA6069327B149F0 /* ValuePlacard.swift in Sources */,
				71C1B64F4DC93B5FCF9619BF /* ValueUnit.swift in Sources */,
			);
			runOnlyForDeploymentPostprocessing = 0;
		};
/* End PBXSourcesBuildPhase section */

/* Begin PBXTargetDependency section */
		54063DDFBA45E02C2FFF6BD7 /* PBXTargetDependency */ = {
			isa = PBXTargetDependency;
			target = 9E5A0F532F397044D6252D43 /* ColorOTD */;
			targetProxy = E884BA9FEC693B6CC426A40C /* PBXContainerItemProxy */;
		};
/* End PBXTargetDependency section */

/* Begin XCBuildConfiguration section */
		71C60A7600B715711F860FD2 /* Debug */ = {
			isa = XCBuildConfiguration;
			buildSettings = {
				BUNDLE_LOADER = "$(TEST_HOST)";
				GENERATE_INFOPLIST_FILE = YES;
				LD_RUNPATH_SEARCH_PATHS = (
					"$(inherited)",
					"@executable_path/Frameworks",
					"@loader_path/Frameworks",
				);
				PRODUCT_BUNDLE_IDENTIFIER = com.ruzai.colorotd.tests;
				SDKROOT = iphoneos;
				TARGETED_DEVICE_FAMILY = "1,2";
				TEST_HOST = "$(BUILT_PRODUCTS_DIR)/ColorOTD.app/ColorOTD";
			};
			name = Debug;
		};
		A8383A043DB72346B9EB5F4D /* Debug */ = {
			isa = XCBuildConfiguration;
			buildSettings = {
				ASSETCATALOG_COMPILER_APPICON_NAME = AppIcon;
				ASSETCATALOG_COMPILER_GENERATE_SWIFT_ASSET_SYMBOL_EXTENSIONS = YES;
				CODE_SIGN_IDENTITY = "iPhone Developer";
				CURRENT_PROJECT_VERSION = 1;
				GENERATE_INFOPLIST_FILE = YES;
				INFOPLIST_KEY_CFBundleDisplayName = "Color OTD";
				INFOPLIST_KEY_UIAppFonts = "Newsreader.ttf Newsreader-Italic.ttf Archivo.ttf SpaceMono-Regular.ttf SpaceMono-Bold.ttf";
				INFOPLIST_KEY_UILaunchScreen_Generation = YES;
				INFOPLIST_KEY_UIRequiresFullScreen = YES;
				INFOPLIST_KEY_UIStatusBarStyle = UIStatusBarStyleDefault;
				INFOPLIST_KEY_UISupportedInterfaceOrientations = UIInterfaceOrientationPortrait;
				LD_RUNPATH_SEARCH_PATHS = (
					"$(inherited)",
					"@executable_path/Frameworks",
				);
				MARKETING_VERSION = 1.0.0;
				PRODUCT_BUNDLE_IDENTIFIER = com.ruzai.colorotd;
				PRODUCT_NAME = ColorOTD;
				SDKROOT = iphoneos;
				SUPPORTS_MACCATALYST = NO;
				SUPPORTS_MAC_DESIGNED_FOR_IPHONE_IPAD = NO;
				TARGETED_DEVICE_FAMILY = 1;
			};
			name = Debug;
		};
		C5E3B70C07A0234B2C5F1186 /* Release */ = {
			isa = XCBuildConfiguration;
			buildSettings = {
				BUNDLE_LOADER = "$(TEST_HOST)";
				GENERATE_INFOPLIST_FILE = YES;
				LD_RUNPATH_SEARCH_PATHS = (
					"$(inherited)",
					"@executable_path/Frameworks",
					"@loader_path/Frameworks",
				);
				PRODUCT_BUNDLE_IDENTIFIER = com.ruzai.colorotd.tests;
				SDKROOT = iphoneos;
				TARGETED_DEVICE_FAMILY = "1,2";
				TEST_HOST = "$(BUILT_PRODUCTS_DIR)/ColorOTD.app/ColorOTD";
			};
			name = Release;
		};
		DE1DC1483184F2AAEDC57BA4 /* Debug */ = {
			isa = XCBuildConfiguration;
			buildSettings = {
				ALWAYS_SEARCH_USER_PATHS = NO;
				CLANG_ANALYZER_NONNULL = YES;
				CLANG_ANALYZER_NUMBER_OBJECT_CONVERSION = YES_AGGRESSIVE;
				CLANG_CXX_LANGUAGE_STANDARD = "gnu++14";
				CLANG_CXX_LIBRARY = "libc++";
				CLANG_ENABLE_MODULES = YES;
				CLANG_ENABLE_OBJC_ARC = YES;
				CLANG_ENABLE_OBJC_WEAK = YES;
				CLANG_WARN_BLOCK_CAPTURE_AUTORELEASING = YES;
				CLANG_WARN_BOOL_CONVERSION = YES;
				CLANG_WARN_COMMA = YES;
				CLANG_WARN_CONSTANT_CONVERSION = YES;
				CLANG_WARN_DEPRECATED_OBJC_IMPLEMENTATIONS = YES;
				CLANG_WARN_DIRECT_OBJC_ISA_USAGE = YES_ERROR;
				CLANG_WARN_DOCUMENTATION_COMMENTS = YES;
				CLANG_WARN_EMPTY_BODY = YES;
				CLANG_WARN_ENUM_CONVERSION = YES;
				CLANG_WARN_INFINITE_RECURSION = YES;
				CLANG_WARN_INT_CONVERSION = YES;
				CLANG_WARN_NON_LITERAL_NULL_CONVERSION = YES;
				CLANG_WARN_OBJC_IMPLICIT_RETAIN_SELF = YES;
				CLANG_WARN_OBJC_LITERAL_CONVERSION = YES;
				CLANG_WARN_OBJC_ROOT_CLASS = YES_ERROR;
				CLANG_WARN_QUOTED_INCLUDE_IN_FRAMEWORK_HEADER = YES;
				CLANG_WARN_RANGE_LOOP_ANALYSIS = YES;
				CLANG_WARN_STRICT_PROTOTYPES = YES;
				CLANG_WARN_SUSPICIOUS_MOVE = YES;
				CLANG_WARN_UNGUARDED_AVAILABILITY = YES_AGGRESSIVE;
				CLANG_WARN_UNREACHABLE_CODE = YES;
				CLANG_WARN__DUPLICATE_METHOD_MATCH = YES;
				CODE_SIGN_STYLE = Automatic;
				COPY_PHASE_STRIP = NO;
				DEBUG_INFORMATION_FORMAT = dwarf;
				DEVELOPMENT_TEAM = "";
				ENABLE_STRICT_OBJC_MSGSEND = YES;
				ENABLE_TESTABILITY = YES;
				ENABLE_USER_SCRIPT_SANDBOXING = YES;
				GCC_C_LANGUAGE_STANDARD = gnu11;
				GCC_DYNAMIC_NO_PIC = NO;
				GCC_NO_COMMON_BLOCKS = YES;
				GCC_OPTIMIZATION_LEVEL = 0;
				GCC_PREPROCESSOR_DEFINITIONS = (
					"$(inherited)",
					"DEBUG=1",
				);
				GCC_WARN_64_TO_32_BIT_CONVERSION = YES;
				GCC_WARN_ABOUT_RETURN_TYPE = YES_ERROR;
				GCC_WARN_UNDECLARED_SELECTOR = YES;
				GCC_WARN_UNINITIALIZED_AUTOS = YES_AGGRESSIVE;
				GCC_WARN_UNUSED_FUNCTION = YES;
				GCC_WARN_UNUSED_VARIABLE = YES;
				IPHONEOS_DEPLOYMENT_TARGET = 18.0;
				MTL_ENABLE_DEBUG_INFO = INCLUDE_SOURCE;
				MTL_FAST_MATH = YES;
				ONLY_ACTIVE_ARCH = YES;
				PRODUCT_NAME = "$(TARGET_NAME)";
				SDKROOT = iphoneos;
				SWIFT_ACTIVE_COMPILATION_CONDITIONS = DEBUG;
				SWIFT_OPTIMIZATION_LEVEL = "-Onone";
				SWIFT_STRICT_CONCURRENCY = complete;
				SWIFT_VERSION = 6.0;
			};
			name = Debug;
		};
		E0B1269778FD6E8B4E5E247A /* Release */ = {
			isa = XCBuildConfiguration;
			buildSettings = {
				ALWAYS_SEARCH_USER_PATHS = NO;
				CLANG_ANALYZER_NONNULL = YES;
				CLANG_ANALYZER_NUMBER_OBJECT_CONVERSION = YES_AGGRESSIVE;
				CLANG_CXX_LANGUAGE_STANDARD = "gnu++14";
				CLANG_CXX_LIBRARY = "libc++";
				CLANG_ENABLE_MODULES = YES;
				CLANG_ENABLE_OBJC_ARC = YES;
				CLANG_ENABLE_OBJC_WEAK = YES;
				CLANG_WARN_BLOCK_CAPTURE_AUTORELEASING = YES;
				CLANG_WARN_BOOL_CONVERSION = YES;
				CLANG_WARN_COMMA = YES;
				CLANG_WARN_CONSTANT_CONVERSION = YES;
				CLANG_WARN_DEPRECATED_OBJC_IMPLEMENTATIONS = YES;
				CLANG_WARN_DIRECT_OBJC_ISA_USAGE = YES_ERROR;
				CLANG_WARN_DOCUMENTATION_COMMENTS = YES;
				CLANG_WARN_EMPTY_BODY = YES;
				CLANG_WARN_ENUM_CONVERSION = YES;
				CLANG_WARN_INFINITE_RECURSION = YES;
				CLANG_WARN_INT_CONVERSION = YES;
				CLANG_WARN_NON_LITERAL_NULL_CONVERSION = YES;
				CLANG_WARN_OBJC_IMPLICIT_RETAIN_SELF = YES;
				CLANG_WARN_OBJC_LITERAL_CONVERSION = YES;
				CLANG_WARN_OBJC_ROOT_CLASS = YES_ERROR;
				CLANG_WARN_QUOTED_INCLUDE_IN_FRAMEWORK_HEADER = YES;
				CLANG_WARN_RANGE_LOOP_ANALYSIS = YES;
				CLANG_WARN_STRICT_PROTOTYPES = YES;
				CLANG_WARN_SUSPICIOUS_MOVE = YES;
				CLANG_WARN_UNGUARDED_AVAILABILITY = YES_AGGRESSIVE;
				CLANG_WARN_UNREACHABLE_CODE = YES;
				CLANG_WARN__DUPLICATE_METHOD_MATCH = YES;
				CODE_SIGN_STYLE = Automatic;
				COPY_PHASE_STRIP = NO;
				DEBUG_INFORMATION_FORMAT = "dwarf-with-dsym";
				DEVELOPMENT_TEAM = "";
				ENABLE_NS_ASSERTIONS = NO;
				ENABLE_STRICT_OBJC_MSGSEND = YES;
				ENABLE_USER_SCRIPT_SANDBOXING = YES;
				GCC_C_LANGUAGE_STANDARD = gnu11;
				GCC_NO_COMMON_BLOCKS = YES;
				GCC_WARN_64_TO_32_BIT_CONVERSION = YES;
				GCC_WARN_ABOUT_RETURN_TYPE = YES_ERROR;
				GCC_WARN_UNDECLARED_SELECTOR = YES;
				GCC_WARN_UNINITIALIZED_AUTOS = YES_AGGRESSIVE;
				GCC_WARN_UNUSED_FUNCTION = YES;
				GCC_WARN_UNUSED_VARIABLE = YES;
				IPHONEOS_DEPLOYMENT_TARGET = 18.0;
				MTL_ENABLE_DEBUG_INFO = NO;
				MTL_FAST_MATH = YES;
				PRODUCT_NAME = "$(TARGET_NAME)";
				SDKROOT = iphoneos;
				SWIFT_COMPILATION_MODE = wholemodule;
				SWIFT_OPTIMIZATION_LEVEL = "-O";
				SWIFT_STRICT_CONCURRENCY = complete;
				SWIFT_VERSION = 6.0;
			};
			name = Release;
		};
		E3C78D5E67633D8646E9391B /* Release */ = {
			isa = XCBuildConfiguration;
			buildSettings = {
				ASSETCATALOG_COMPILER_APPICON_NAME = AppIcon;
				ASSETCATALOG_COMPILER_GENERATE_SWIFT_ASSET_SYMBOL_EXTENSIONS = YES;
				CODE_SIGN_IDENTITY = "iPhone Developer";
				CURRENT_PROJECT_VERSION = 1;
				GENERATE_INFOPLIST_FILE = YES;
				INFOPLIST_KEY_CFBundleDisplayName = "Color OTD";
				INFOPLIST_KEY_UIAppFonts = "Newsreader.ttf Newsreader-Italic.ttf Archivo.ttf SpaceMono-Regular.ttf SpaceMono-Bold.ttf";
				INFOPLIST_KEY_UILaunchScreen_Generation = YES;
				INFOPLIST_KEY_UIRequiresFullScreen = YES;
				INFOPLIST_KEY_UIStatusBarStyle = UIStatusBarStyleDefault;
				INFOPLIST_KEY_UISupportedInterfaceOrientations = UIInterfaceOrientationPortrait;
				LD_RUNPATH_SEARCH_PATHS = (
					"$(inherited)",
					"@executable_path/Frameworks",
				);
				MARKETING_VERSION = 1.0.0;
				PRODUCT_BUNDLE_IDENTIFIER = com.ruzai.colorotd;
				PRODUCT_NAME = ColorOTD;
				SDKROOT = iphoneos;
				SUPPORTS_MACCATALYST = NO;
				SUPPORTS_MAC_DESIGNED_FOR_IPHONE_IPAD = NO;
				TARGETED_DEVICE_FAMILY = 1;
			};
			name = Release;
		};
/* End XCBuildConfiguration section */

/* Begin XCConfigurationList section */
		769519C0E876FE29110ECF24 /* Build configuration list for PBXNativeTarget "ColorOTDTests" */ = {
			isa = XCConfigurationList;
			buildConfigurations = (
				71C60A7600B715711F860FD2 /* Debug */,
				C5E3B70C07A0234B2C5F1186 /* Release */,
			);
			defaultConfigurationIsVisible = 0;
			defaultConfigurationName = Debug;
		};
		8A1103D63EB66BD741FE453B /* Build configuration list for PBXProject "ColorOTD" */ = {
			isa = XCConfigurationList;
			buildConfigurations = (
				DE1DC1483184F2AAEDC57BA4 /* Debug */,
				E0B1269778FD6E8B4E5E247A /* Release */,
			);
			defaultConfigurationIsVisible = 0;
			defaultConfigurationName = Debug;
		};
		D0ED3DC5F9B3E75266CDABB0 /* Build configuration list for PBXNativeTarget "ColorOTD" */ = {
			isa = XCConfigurationList;
			buildConfigurations = (
				A8383A043DB72346B9EB5F4D /* Debug */,
				E3C78D5E67633D8646E9391B /* Release */,
			);
			defaultConfigurationIsVisible = 0;
			defaultConfigurationName = Debug;
		};
/* End XCConfigurationList section */
	};
	rootObject = A47733F528A30AD2C3456469 /* Project object */;
}
